# THIS IS AN AUTOGENERATED FILE. DO NOT EDIT THIS FILE DIRECTLY.
# yarn lockfile v1


"@aws-crypto/crc32@2.0.0":
  version "2.0.0"
  resolved "https://registry.yarnpkg.com/@aws-crypto/crc32/-/crc32-2.0.0.tgz#4ad432a3c03ec3087c5540ff6e41e6565d2dc153"
  integrity sha512-TvE1r2CUueyXOuHdEigYjIZVesInd9KN+K/TFFNfkkxRThiNxO6i4ZqqAVMoEjAamZZ1AA8WXJkjCz7YShHPQA==
  dependencies:
    "@aws-crypto/util" "^2.0.0"
    "@aws-sdk/types" "^3.1.0"
    tslib "^1.11.1"

"@aws-crypto/crc32c@2.0.0":
  version "2.0.0"
  resolved "https://registry.yarnpkg.com/@aws-crypto/crc32c/-/crc32c-2.0.0.tgz#4235336ef78f169f6a05248906703b9b78da676e"
  integrity sha512-vF0eMdMHx3O3MoOXUfBZry8Y4ZDtcuskjjKgJz8YfIDjLStxTZrYXk+kZqtl6A0uCmmiN/Eb/JbC/CndTV1MHg==
  dependencies:
    "@aws-crypto/util" "^2.0.0"
    "@aws-sdk/types" "^3.1.0"
    tslib "^1.11.1"

"@aws-crypto/ie11-detection@^2.0.0":
  version "2.0.0"
  resolved "https://registry.yarnpkg.com/@aws-crypto/ie11-detection/-/ie11-detection-2.0.0.tgz#bb6c2facf8f03457e949dcf0921477397ffa4c6e"
  integrity sha512-pkVXf/dq6PITJ0jzYZ69VhL8VFOFoPZLZqtU/12SGnzYuJOOGNfF41q9GxdI1yqC8R13Rq3jOLKDFpUJFT5eTA==
  dependencies:
    tslib "^1.11.1"

"@aws-crypto/sha1-browser@2.0.0":
  version "2.0.0"
  resolved "https://registry.yarnpkg.com/@aws-crypto/sha1-browser/-/sha1-browser-2.0.0.tgz#71e735df20ea1d38f59259c4b1a2e00ca74a0eea"
  integrity sha512-3fIVRjPFY8EG5HWXR+ZJZMdWNRpwbxGzJ9IH9q93FpbgCH8u8GHRi46mZXp3cYD7gealmyqpm3ThZwLKJjWJhA==
  dependencies:
    "@aws-crypto/ie11-detection" "^2.0.0"
    "@aws-crypto/supports-web-crypto" "^2.0.0"
    "@aws-sdk/types" "^3.1.0"
    "@aws-sdk/util-locate-window" "^3.0.0"
    "@aws-sdk/util-utf8-browser" "^3.0.0"
    tslib "^1.11.1"

"@aws-crypto/sha256-browser@2.0.0":
  version "2.0.0"
  resolved "https://registry.yarnpkg.com/@aws-crypto/sha256-browser/-/sha256-browser-2.0.0.tgz#741c9024df55ec59b51e5b1f5d806a4852699fb5"
  integrity sha512-rYXOQ8BFOaqMEHJrLHul/25ckWH6GTJtdLSajhlqGMx0PmSueAuvboCuZCTqEKlxR8CQOwRarxYMZZSYlhRA1A==
  dependencies:
    "@aws-crypto/ie11-detection" "^2.0.0"
    "@aws-crypto/sha256-js" "^2.0.0"
    "@aws-crypto/supports-web-crypto" "^2.0.0"
    "@aws-crypto/util" "^2.0.0"
    "@aws-sdk/types" "^3.1.0"
    "@aws-sdk/util-locate-window" "^3.0.0"
    "@aws-sdk/util-utf8-browser" "^3.0.0"
    tslib "^1.11.1"

"@aws-crypto/sha256-js@2.0.0":
  version "2.0.0"
  resolved "https://registry.yarnpkg.com/@aws-crypto/sha256-js/-/sha256-js-2.0.0.tgz#f1f936039bdebd0b9e2dd834d65afdc2aac4efcb"
  integrity sha512-VZY+mCY4Nmrs5WGfitmNqXzaE873fcIZDu54cbaDaaamsaTOP1DBImV9F4pICc3EHjQXujyE8jig+PFCaew9ig==
  dependencies:
    "@aws-crypto/util" "^2.0.0"
    "@aws-sdk/types" "^3.1.0"
    tslib "^1.11.1"

"@aws-crypto/sha256-js@^2.0.0":
  version "2.0.1"
  resolved "https://registry.yarnpkg.com/@aws-crypto/sha256-js/-/sha256-js-2.0.1.tgz#79e1e6cf61f652ef2089c08d471c722ecf1626a9"
  integrity sha512-mbHTBSPBvg6o/mN/c18Z/zifM05eJrapj5ggoOIeHIWckvkv5VgGi7r/wYpt+QAO2ySKXLNvH2d8L7bne4xrMQ==
  dependencies:
    "@aws-crypto/util" "^2.0.1"
    "@aws-sdk/types" "^3.1.0"
    tslib "^1.11.1"

"@aws-crypto/supports-web-crypto@^2.0.0":
  version "2.0.0"
  resolved "https://registry.yarnpkg.com/@aws-crypto/supports-web-crypto/-/supports-web-crypto-2.0.0.tgz#fd6cde30b88f77d5a4f57b2c37c560d918014f9e"
  integrity sha512-Ge7WQ3E0OC7FHYprsZV3h0QIcpdyJLvIeg+uTuHqRYm8D6qCFJoiC+edSzSyFiHtZf+NOQDJ1q46qxjtzIY2nA==
  dependencies:
    tslib "^1.11.1"

"@aws-crypto/util@^2.0.0", "@aws-crypto/util@^2.0.1":
  version "2.0.1"
  resolved "https://registry.yarnpkg.com/@aws-crypto/util/-/util-2.0.1.tgz#976cf619cf85084ca85ec5eb947a6ac6b8b5c98c"
  integrity sha512-JJmFFwvbm08lULw4Nm5QOLg8+lAQeC8aCXK5xrtxntYzYXCGfHwUJ4Is3770Q7HmICsXthGQ+ZsDL7C2uH3yBQ==
  dependencies:
    "@aws-sdk/types" "^3.1.0"
    "@aws-sdk/util-utf8-browser" "^3.0.0"
    tslib "^1.11.1"

"@aws-sdk/abort-controller@3.188.0":
  version "3.188.0"
  resolved "https://registry.yarnpkg.com/@aws-sdk/abort-controller/-/abort-controller-3.188.0.tgz#9197fc113bcbeceefbbf6afc34720f4e17d7a6fe"
  integrity sha512-H6R99n5t6Ov/y1CSLnvab8g//0KmE/G4Qoh7634FGW0vZazx16YJcUkwKgb+U+Gsiv85zTus9sv0DzjEImztAw==
  dependencies:
    "@aws-sdk/types" "3.188.0"
    tslib "^2.3.1"

"@aws-sdk/chunked-blob-reader-native@3.188.0":
  version "3.188.0"
  resolved "https://registry.yarnpkg.com/@aws-sdk/chunked-blob-reader-native/-/chunked-blob-reader-native-3.188.0.tgz#a5c3a778b23af761703317ef286a083a43fb510f"
  integrity sha512-WielYjaAHfT/HAOW7Tj6yVeNdaOtts3aUm9Sf/3D+ElbCTGyaaMNfE4x0a+qn6dJZXewf1eAxybOIU5ftIeSGw==
  dependencies:
    "@aws-sdk/util-base64-browser" "3.188.0"
    tslib "^2.3.1"

"@aws-sdk/chunked-blob-reader@3.188.0":
  version "3.188.0"
  resolved "https://registry.yarnpkg.com/@aws-sdk/chunked-blob-reader/-/chunked-blob-reader-3.188.0.tgz#18181b27511ab512e56b9f2cef30d2abbef639dc"
  integrity sha512-zkPRFZZPL3eH+kH86LDYYXImiClA1/sW60zYOjse9Pgka+eDJlvBN6hcYxwDEKjcwATYiSRR1aVQHcfCinlGXg==
  dependencies:
    tslib "^2.3.1"

"@aws-sdk/client-s3@^3.188.0":
  version "3.188.0"
  resolved "https://registry.yarnpkg.com/@aws-sdk/client-s3/-/client-s3-3.188.0.tgz#d74111d4a60280d43347323560d51112a952893c"
  integrity sha512-sbJlxcq7lKskbTvSFsznCXXiA+cnpL60Af7lic71tC/FhZRbi5yqqhErnhvEDy6faQWl5SVZMlN3MQ5cpuwjbA==
  dependencies:
    "@aws-crypto/sha1-browser" "2.0.0"
    "@aws-crypto/sha256-browser" "2.0.0"
    "@aws-crypto/sha256-js" "2.0.0"
    "@aws-sdk/client-sts" "3.188.0"
    "@aws-sdk/config-resolver" "3.188.0"
    "@aws-sdk/credential-provider-node" "3.188.0"
    "@aws-sdk/eventstream-serde-browser" "3.188.0"
    "@aws-sdk/eventstream-serde-config-resolver" "3.188.0"
    "@aws-sdk/eventstream-serde-node" "3.188.0"
    "@aws-sdk/fetch-http-handler" "3.188.0"
    "@aws-sdk/hash-blob-browser" "3.188.0"
    "@aws-sdk/hash-node" "3.188.0"
    "@aws-sdk/hash-stream-node" "3.188.0"
    "@aws-sdk/invalid-dependency" "3.188.0"
    "@aws-sdk/md5-js" "3.188.0"
    "@aws-sdk/middleware-bucket-endpoint" "3.188.0"
    "@aws-sdk/middleware-content-length" "3.188.0"
    "@aws-sdk/middleware-expect-continue" "3.188.0"
    "@aws-sdk/middleware-flexible-checksums" "3.188.0"
    "@aws-sdk/middleware-host-header" "3.188.0"
    "@aws-sdk/middleware-location-constraint" "3.188.0"
    "@aws-sdk/middleware-logger" "3.188.0"
    "@aws-sdk/middleware-recursion-detection" "3.188.0"
    "@aws-sdk/middleware-retry" "3.188.0"
    "@aws-sdk/middleware-sdk-s3" "3.188.0"
    "@aws-sdk/middleware-serde" "3.188.0"
    "@aws-sdk/middleware-signing" "3.188.0"
    "@aws-sdk/middleware-ssec" "3.188.0"
    "@aws-sdk/middleware-stack" "3.188.0"
    "@aws-sdk/middleware-user-agent" "3.188.0"
    "@aws-sdk/node-config-provider" "3.188.0"
    "@aws-sdk/node-http-handler" "3.188.0"
    "@aws-sdk/protocol-http" "3.188.0"
    "@aws-sdk/signature-v4-multi-region" "3.188.0"
    "@aws-sdk/smithy-client" "3.188.0"
    "@aws-sdk/types" "3.188.0"
    "@aws-sdk/url-parser" "3.188.0"
    "@aws-sdk/util-base64-browser" "3.188.0"
    "@aws-sdk/util-base64-node" "3.188.0"
    "@aws-sdk/util-body-length-browser" "3.188.0"
    "@aws-sdk/util-body-length-node" "3.188.0"
    "@aws-sdk/util-defaults-mode-browser" "3.188.0"
    "@aws-sdk/util-defaults-mode-node" "3.188.0"
    "@aws-sdk/util-stream-browser" "3.188.0"
    "@aws-sdk/util-stream-node" "3.188.0"
    "@aws-sdk/util-user-agent-browser" "3.188.0"
    "@aws-sdk/util-user-agent-node" "3.188.0"
    "@aws-sdk/util-utf8-browser" "3.188.0"
    "@aws-sdk/util-utf8-node" "3.188.0"
    "@aws-sdk/util-waiter" "3.188.0"
    "@aws-sdk/xml-builder" "3.188.0"
    fast-xml-parser "4.0.11"
    tslib "^2.3.1"

"@aws-sdk/client-sso@3.188.0":
  version "3.188.0"
  resolved "https://registry.yarnpkg.com/@aws-sdk/client-sso/-/client-sso-3.188.0.tgz#838ae4fb9bb4a2b92c3280b0b7deaee20a0e1f4a"
  integrity sha512-6josKD8aC6tAazXSpr3EJ9OhuD8l5RYSc+WmziD4fWh+TUha/ATHBBELSruKriyN9OQgFzXGg1mJkqTUpImyuw==
  dependencies:
    "@aws-crypto/sha256-browser" "2.0.0"
    "@aws-crypto/sha256-js" "2.0.0"
    "@aws-sdk/config-resolver" "3.188.0"
    "@aws-sdk/fetch-http-handler" "3.188.0"
    "@aws-sdk/hash-node" "3.188.0"
    "@aws-sdk/invalid-dependency" "3.188.0"
    "@aws-sdk/middleware-content-length" "3.188.0"
    "@aws-sdk/middleware-host-header" "3.188.0"
    "@aws-sdk/middleware-logger" "3.188.0"
    "@aws-sdk/middleware-recursion-detection" "3.188.0"
    "@aws-sdk/middleware-retry" "3.188.0"
    "@aws-sdk/middleware-serde" "3.188.0"
    "@aws-sdk/middleware-stack" "3.188.0"
    "@aws-sdk/middleware-user-agent" "3.188.0"
    "@aws-sdk/node-config-provider" "3.188.0"
    "@aws-sdk/node-http-handler" "3.188.0"
    "@aws-sdk/protocol-http" "3.188.0"
    "@aws-sdk/smithy-client" "3.188.0"
    "@aws-sdk/types" "3.188.0"
    "@aws-sdk/url-parser" "3.188.0"
    "@aws-sdk/util-base64-browser" "3.188.0"
    "@aws-sdk/util-base64-node" "3.188.0"
    "@aws-sdk/util-body-length-browser" "3.188.0"
    "@aws-sdk/util-body-length-node" "3.188.0"
    "@aws-sdk/util-defaults-mode-browser" "3.188.0"
    "@aws-sdk/util-defaults-mode-node" "3.188.0"
    "@aws-sdk/util-user-agent-browser" "3.188.0"
    "@aws-sdk/util-user-agent-node" "3.188.0"
    "@aws-sdk/util-utf8-browser" "3.188.0"
    "@aws-sdk/util-utf8-node" "3.188.0"
    tslib "^2.3.1"

"@aws-sdk/client-sts@3.188.0":
  version "3.188.0"
  resolved "https://registry.yarnpkg.com/@aws-sdk/client-sts/-/client-sts-3.188.0.tgz#ab99c7aa73a5a5947fd178b077ba77b177ace804"
  integrity sha512-Zpy7iCLPLLP0ZykzRp/VK952xoKPv2NaZnqD0/h1zNp7H+ncaC/1IeWufTp/MQBRnlF2gZfof20GT2K2BGhQoA==
  dependencies:
    "@aws-crypto/sha256-browser" "2.0.0"
    "@aws-crypto/sha256-js" "2.0.0"
    "@aws-sdk/config-resolver" "3.188.0"
    "@aws-sdk/credential-provider-node" "3.188.0"
    "@aws-sdk/fetch-http-handler" "3.188.0"
    "@aws-sdk/hash-node" "3.188.0"
    "@aws-sdk/invalid-dependency" "3.188.0"
    "@aws-sdk/middleware-content-length" "3.188.0"
    "@aws-sdk/middleware-host-header" "3.188.0"
    "@aws-sdk/middleware-logger" "3.188.0"
    "@aws-sdk/middleware-recursion-detection" "3.188.0"
    "@aws-sdk/middleware-retry" "3.188.0"
    "@aws-sdk/middleware-sdk-sts" "3.188.0"
    "@aws-sdk/middleware-serde" "3.188.0"
    "@aws-sdk/middleware-signing" "3.188.0"
    "@aws-sdk/middleware-stack" "3.188.0"
    "@aws-sdk/middleware-user-agent" "3.188.0"
    "@aws-sdk/node-config-provider" "3.188.0"
    "@aws-sdk/node-http-handler" "3.188.0"
    "@aws-sdk/protocol-http" "3.188.0"
    "@aws-sdk/smithy-client" "3.188.0"
    "@aws-sdk/types" "3.188.0"
    "@aws-sdk/url-parser" "3.188.0"
    "@aws-sdk/util-base64-browser" "3.188.0"
    "@aws-sdk/util-base64-node" "3.188.0"
    "@aws-sdk/util-body-length-browser" "3.188.0"
    "@aws-sdk/util-body-length-node" "3.188.0"
    "@aws-sdk/util-defaults-mode-browser" "3.188.0"
    "@aws-sdk/util-defaults-mode-node" "3.188.0"
    "@aws-sdk/util-user-agent-browser" "3.188.0"
    "@aws-sdk/util-user-agent-node" "3.188.0"
    "@aws-sdk/util-utf8-browser" "3.188.0"
    "@aws-sdk/util-utf8-node" "3.188.0"
    fast-xml-parser "4.0.11"
    tslib "^2.3.1"

"@aws-sdk/config-resolver@3.188.0":
  version "3.188.0"
  resolved "https://registry.yarnpkg.com/@aws-sdk/config-resolver/-/config-resolver-3.188.0.tgz#6bc52ef72ec00a727a167d4de6600fc30bcc128f"
  integrity sha512-p+izFghzVWKYy8bqZI65l5hok8Gi8zLM2aHtZoaK3meQJmoK7MNrICzZOaUZ+DcGH6zMItf3XFGhL0iw9PJHow==
  dependencies:
    "@aws-sdk/signature-v4" "3.188.0"
    "@aws-sdk/types" "3.188.0"
    "@aws-sdk/util-config-provider" "3.188.0"
    "@aws-sdk/util-middleware" "3.188.0"
    tslib "^2.3.1"

"@aws-sdk/credential-provider-env@3.188.0":
  version "3.188.0"
  resolved "https://registry.yarnpkg.com/@aws-sdk/credential-provider-env/-/credential-provider-env-3.188.0.tgz#61299e845d69b5c1a817de6b8de7bdd2a74af415"
  integrity sha512-QOyUQ6B3EnO27HLqSvIewiMgytJmmIbEe1oj90j9oydjur9kdkf3WTrO4vJZD4U+3RJMDalXrJq/ZQQuSYN4Aw==
  dependencies:
    "@aws-sdk/property-provider" "3.188.0"
    "@aws-sdk/types" "3.188.0"
    tslib "^2.3.1"

"@aws-sdk/credential-provider-imds@3.188.0":
  version "3.188.0"
  resolved "https://registry.yarnpkg.com/@aws-sdk/credential-provider-imds/-/credential-provider-imds-3.188.0.tgz#31e4d6211b33c58893d9795c60c9b233f9c2a0d6"
  integrity sha512-0JmQdIAtzx5GuR1tLh6Ii76wzRD7YjRhyfv15spGFzdvTngADbifvC5dl7wdfkzssefabOPSf9XPlhjpf07Nvg==
  dependencies:
    "@aws-sdk/node-config-provider" "3.188.0"
    "@aws-sdk/property-provider" "3.188.0"
    "@aws-sdk/types" "3.188.0"
    "@aws-sdk/url-parser" "3.188.0"
    tslib "^2.3.1"

"@aws-sdk/credential-provider-ini@3.188.0":
  version "3.188.0"
  resolved "https://registry.yarnpkg.com/@aws-sdk/credential-provider-ini/-/credential-provider-ini-3.188.0.tgz#a017406b5d524b928fc9993925fcd3dd09033220"
  integrity sha512-UYlUI6IxrNFqLaK5x3INM1/cn+U4SUDosT15l/5kcdGuZAIm3h6UpTOpt5t9gLQElaABOY+XXO0j0nPd+AB4Qw==
  dependencies:
    "@aws-sdk/credential-provider-env" "3.188.0"
    "@aws-sdk/credential-provider-imds" "3.188.0"
    "@aws-sdk/credential-provider-sso" "3.188.0"
    "@aws-sdk/credential-provider-web-identity" "3.188.0"
    "@aws-sdk/property-provider" "3.188.0"
    "@aws-sdk/shared-ini-file-loader" "3.188.0"
    "@aws-sdk/types" "3.188.0"
    tslib "^2.3.1"

"@aws-sdk/credential-provider-node@3.188.0":
  version "3.188.0"
  resolved "https://registry.yarnpkg.com/@aws-sdk/credential-provider-node/-/credential-provider-node-3.188.0.tgz#0f9a25b2164ea785b9f0bb4572dd51c52d21c166"
  integrity sha512-5HKrMB7cPo4wvzyT6GlsQsvVjNH908+zROswj9j0mnUMBzyUIy8oWN8ZIwr4rDC/LW97TjImXDSexDHh/MVbvg==
  dependencies:
    "@aws-sdk/credential-provider-env" "3.188.0"
    "@aws-sdk/credential-provider-imds" "3.188.0"
    "@aws-sdk/credential-provider-ini" "3.188.0"
    "@aws-sdk/credential-provider-process" "3.188.0"
    "@aws-sdk/credential-provider-sso" "3.188.0"
    "@aws-sdk/credential-provider-web-identity" "3.188.0"
    "@aws-sdk/property-provider" "3.188.0"
    "@aws-sdk/shared-ini-file-loader" "3.188.0"
    "@aws-sdk/types" "3.188.0"
    tslib "^2.3.1"

"@aws-sdk/credential-provider-process@3.188.0":
  version "3.188.0"
  resolved "https://registry.yarnpkg.com/@aws-sdk/credential-provider-process/-/credential-provider-process-3.188.0.tgz#75522201d91aeb3c10d815fdf230db9e535f8bee"
  integrity sha512-OegpAw6G5YKQvYnxiUQclvuzRNWwBAp+y8T2HUV7ogwkPjGIClqPgTZYqiPahEduGpP7M5myGmw+ePrbqtQlCA==
  dependencies:
    "@aws-sdk/property-provider" "3.188.0"
    "@aws-sdk/shared-ini-file-loader" "3.188.0"
    "@aws-sdk/types" "3.188.0"
    tslib "^2.3.1"

"@aws-sdk/credential-provider-sso@3.188.0":
  version "3.188.0"
  resolved "https://registry.yarnpkg.com/@aws-sdk/credential-provider-sso/-/credential-provider-sso-3.188.0.tgz#4103101df6bbfbc016082f3f06250436187e0f93"
  integrity sha512-VViA2nKX2Rg5qXmkdViAALvWirjKFFRJ2YyrTJ/SYMUkEPQL8wkc1VXuK6x4Y125Yj6zdB8jXJPr5R2uGG5ukQ==
  dependencies:
    "@aws-sdk/client-sso" "3.188.0"
    "@aws-sdk/property-provider" "3.188.0"
    "@aws-sdk/shared-ini-file-loader" "3.188.0"
    "@aws-sdk/types" "3.188.0"
    tslib "^2.3.1"

"@aws-sdk/credential-provider-web-identity@3.188.0":
  version "3.188.0"
  resolved "https://registry.yarnpkg.com/@aws-sdk/credential-provider-web-identity/-/credential-provider-web-identity-3.188.0.tgz#2c89f66b037cb51bfe3abb3042fdf1bef4bb07a4"
  integrity sha512-J1izCsDW1IPSKRweWfs69NNTJBmygFfPiyKRdISiPDg4wIgt9rT1NrXNDo6x7JKCx5VeBMwN16fUXshIuPxIhA==
  dependencies:
    "@aws-sdk/property-provider" "3.188.0"
    "@aws-sdk/types" "3.188.0"
    tslib "^2.3.1"

"@aws-sdk/eventstream-codec@3.188.0":
  version "3.188.0"
  resolved "https://registry.yarnpkg.com/@aws-sdk/eventstream-codec/-/eventstream-codec-3.188.0.tgz#3dcc76d12b087414001bd468cd343d3d54237f14"
  integrity sha512-HbVE06wmoP2p6GgamJDTPWhI9k2gFmwNzPh1OGBJxXZv9z9Dn3rY6i0EQ+gHJkB/C76CQ9Vl02WLvkDhrMyvYw==
  dependencies:
    "@aws-crypto/crc32" "2.0.0"
    "@aws-sdk/types" "3.188.0"
    "@aws-sdk/util-hex-encoding" "3.188.0"
    tslib "^2.3.1"

"@aws-sdk/eventstream-serde-browser@3.188.0":
  version "3.188.0"
  resolved "https://registry.yarnpkg.com/@aws-sdk/eventstream-serde-browser/-/eventstream-serde-browser-3.188.0.tgz#9ef03e974e037f5e9d2bf6c0179d6364d3ac4ef4"
  integrity sha512-wg+O3HVZoBrZrczSBtcTJ2hTdmD0UTut7qVw5tcFw+vBrS464eN3QUiHn6jjGETvhDsELRJLg2Zb0RqDfukRuw==
  dependencies:
    "@aws-sdk/eventstream-serde-universal" "3.188.0"
    "@aws-sdk/types" "3.188.0"
    tslib "^2.3.1"

"@aws-sdk/eventstream-serde-config-resolver@3.188.0":
  version "3.188.0"
  resolved "https://registry.yarnpkg.com/@aws-sdk/eventstream-serde-config-resolver/-/eventstream-serde-config-resolver-3.188.0.tgz#7323b6bd6155fac0ece4bd1a44d725b313a846a3"
  integrity sha512-zZNdy7+WBRdXWiYIMZpaHR/eRNL0GnFcmjEGJsd+02iH3g2KM0Oj9fjf2HKHrU6lO/ZB1zNRMaWQ/nf+zPsUeA==
  dependencies:
    "@aws-sdk/types" "3.188.0"
    tslib "^2.3.1"

"@aws-sdk/eventstream-serde-node@3.188.0":
  version "3.188.0"
  resolved "https://registry.yarnpkg.com/@aws-sdk/eventstream-serde-node/-/eventstream-serde-node-3.188.0.tgz#0fd92059baa98cbdb7770b6849fcf317de842b1f"
  integrity sha512-ScA41J027hNUQw+IPWk84GZMvPRrsa+dHZpw8aHpSmM8rPEgg0xa7X+E6veKNTihokT159QJzphle8MLLrCXTA==
  dependencies:
    "@aws-sdk/eventstream-serde-universal" "3.188.0"
    "@aws-sdk/types" "3.188.0"
    tslib "^2.3.1"

"@aws-sdk/eventstream-serde-universal@3.188.0":
  version "3.188.0"
  resolved "https://registry.yarnpkg.com/@aws-sdk/eventstream-serde-universal/-/eventstream-serde-universal-3.188.0.tgz#8244fd0a3322fd144b7211793830fc5bcb1339ef"
  integrity sha512-yT9Xp3Gd5h/TBmBkb2rdk8HBUwYetv1idTnnGGvr9QdmBrHk7E2fC99qQfvFT7KS867P0XSqass7KJSGjYDctQ==
  dependencies:
    "@aws-sdk/eventstream-codec" "3.188.0"
    "@aws-sdk/types" "3.188.0"
    tslib "^2.3.1"

"@aws-sdk/fetch-http-handler@3.188.0":
  version "3.188.0"
  resolved "https://registry.yarnpkg.com/@aws-sdk/fetch-http-handler/-/fetch-http-handler-3.188.0.tgz#a0bf92cdf050cf73d41d2ca9d6902b2a4f53f4d0"
  integrity sha512-+Mapt0fK766ngBPYKiD3Z74epWjrSUVgnyNeH+6Liyc/64D69gCaWCQ7fxNNnHs87Bq+rpuM008klAj4fK22pA==
  dependencies:
    "@aws-sdk/protocol-http" "3.188.0"
    "@aws-sdk/querystring-builder" "3.188.0"
    "@aws-sdk/types" "3.188.0"
    "@aws-sdk/util-base64-browser" "3.188.0"
    tslib "^2.3.1"

"@aws-sdk/hash-blob-browser@3.188.0":
  version "3.188.0"
  resolved "https://registry.yarnpkg.com/@aws-sdk/hash-blob-browser/-/hash-blob-browser-3.188.0.tgz#c8b2a86d425664b2dcc57e573594290e5b49ed6d"
  integrity sha512-LkPm843Glpx1SUWgA07zxSmI5IvV9TeNvorGvONa/wppVSzIWjqKJTie0tL8K2p8g0BnXoQVPbFYYM1BZ12ygg==
  dependencies:
    "@aws-sdk/chunked-blob-reader" "3.188.0"
    "@aws-sdk/chunked-blob-reader-native" "3.188.0"
    "@aws-sdk/types" "3.188.0"
    tslib "^2.3.1"

"@aws-sdk/hash-node@3.188.0":
  version "3.188.0"
  resolved "https://registry.yarnpkg.com/@aws-sdk/hash-node/-/hash-node-3.188.0.tgz#16f59ce395a0b9b4fad602857be705ae1430efa3"
  integrity sha512-alqui1u6bQRigD4AyaT0KQK/8F0Gp7+hLmW+Z9eVuhjo4Fq+Mz0lnS5tNULqRUEpr8Kxdo8qw0c9Wc4absUKHw==
  dependencies:
    "@aws-sdk/types" "3.188.0"
    "@aws-sdk/util-buffer-from" "3.188.0"
    tslib "^2.3.1"

"@aws-sdk/hash-stream-node@3.188.0":
  version "3.188.0"
  resolved "https://registry.yarnpkg.com/@aws-sdk/hash-stream-node/-/hash-stream-node-3.188.0.tgz#0e75e41c9ca02bc5477b315554b86958126b3e98"
  integrity sha512-b67iAOEhjZi2lqUSHU5kkPWOiIY2KjTQiEwbhVVMvb0dBLFTEU04gDwbpoXd2JoAGMSnIdTz5bxzadJLbNL6tQ==
  dependencies:
    "@aws-sdk/types" "3.188.0"
    tslib "^2.3.1"

"@aws-sdk/invalid-dependency@3.188.0":
  version "3.188.0"
  resolved "https://registry.yarnpkg.com/@aws-sdk/invalid-dependency/-/invalid-dependency-3.188.0.tgz#fa04b7117f2429658d1c2d0e09770a4dc7a6f857"
  integrity sha512-sc22A9z7GUSwF4ObQooMk9Y/Kw7w+0wPspy3VsF0cGtxz1EvA06hMIdhosTlKDje0ejrGmtFImeicU8QBBuezA==
  dependencies:
    "@aws-sdk/types" "3.188.0"
    tslib "^2.3.1"

"@aws-sdk/is-array-buffer@3.188.0":
  version "3.188.0"
  resolved "https://registry.yarnpkg.com/@aws-sdk/is-array-buffer/-/is-array-buffer-3.188.0.tgz#2e969b2e799490e3bbd5008554aa346c58e3a9b6"
  integrity sha512-n69N4zJZCNd87Rf4NzufPzhactUeM877Y0Tp/F3KiHqGeTnVjYUa4Lv1vLBjqtfjYb2HWT3NKlYn5yzrhaEwiQ==
  dependencies:
    tslib "^2.3.1"

"@aws-sdk/md5-js@3.188.0":
  version "3.188.0"
  resolved "https://registry.yarnpkg.com/@aws-sdk/md5-js/-/md5-js-3.188.0.tgz#69c8227146329c63c8feb68b1407f71f715e215a"
  integrity sha512-cbrNpGWO8SjPk+Wo81E03yzbgEdy4pTeiG/MbzB3kyQ9+9hlCzUgeTamvJ+QX4OSSfHt/6yXbqQ1J/oxocw7/w==
  dependencies:
    "@aws-sdk/types" "3.188.0"
    "@aws-sdk/util-utf8-browser" "3.188.0"
    "@aws-sdk/util-utf8-node" "3.188.0"
    tslib "^2.3.1"

"@aws-sdk/middleware-bucket-endpoint@3.188.0":
  version "3.188.0"
  resolved "https://registry.yarnpkg.com/@aws-sdk/middleware-bucket-endpoint/-/middleware-bucket-endpoint-3.188.0.tgz#60c3ff4c03f59c5a1a5930fb6cba956049ca4916"
  integrity sha512-SpT4X79YJQ1EIjCRB/VY8SaHfqaXsrzNz/BWFsknLJFVVZUNDf7xjRqhc/HpaX6tjvlUHY0HWD6lyudZIdQwcA==
  dependencies:
    "@aws-sdk/protocol-http" "3.188.0"
    "@aws-sdk/types" "3.188.0"
    "@aws-sdk/util-arn-parser" "3.188.0"
    "@aws-sdk/util-config-provider" "3.188.0"
    tslib "^2.3.1"

"@aws-sdk/middleware-content-length@3.188.0":
  version "3.188.0"
  resolved "https://registry.yarnpkg.com/@aws-sdk/middleware-content-length/-/middleware-content-length-3.188.0.tgz#0a74e82bac9acbf4e950a7d7c2b812293a8ecdf6"
  integrity sha512-YAvAq8s7GdC24xLLl4t97Teen8BKtWG5W9ygny2gYF1omXz8wWezNEvnDR6ppAUK4MCjdfEbptPf7DFClxmo4Q==
  dependencies:
    "@aws-sdk/protocol-http" "3.188.0"
    "@aws-sdk/types" "3.188.0"
    tslib "^2.3.1"

"@aws-sdk/middleware-expect-continue@3.188.0":
  version "3.188.0"
  resolved "https://registry.yarnpkg.com/@aws-sdk/middleware-expect-continue/-/middleware-expect-continue-3.188.0.tgz#540c9b9212019508da2d9fad44137030986874a0"
  integrity sha512-KzzyIUZRZR4sD6jFb67Blf85EeqgAEC8AnwyTS3X3CG1WfFpsks+DTYUYrgo6NnOJ+7eVa6Lh+wC8WJFQin2sw==
  dependencies:
    "@aws-sdk/protocol-http" "3.188.0"
    "@aws-sdk/types" "3.188.0"
    tslib "^2.3.1"

"@aws-sdk/middleware-flexible-checksums@3.188.0":
  version "3.188.0"
  resolved "https://registry.yarnpkg.com/@aws-sdk/middleware-flexible-checksums/-/middleware-flexible-checksums-3.188.0.tgz#555516d93485ee621c3106a668531ab641f4785e"
  integrity sha512-tEb8qwiBXn4TlTpeP03kqXCGEVngtnruV9PAQouxBe/FgJ/2qjXG9cdIOPzwQRB09JX8pgJuaU/AbusWVjdWdQ==
  dependencies:
    "@aws-crypto/crc32" "2.0.0"
    "@aws-crypto/crc32c" "2.0.0"
    "@aws-sdk/is-array-buffer" "3.188.0"
    "@aws-sdk/protocol-http" "3.188.0"
    "@aws-sdk/types" "3.188.0"
    tslib "^2.3.1"

"@aws-sdk/middleware-host-header@3.188.0":
  version "3.188.0"
  resolved "https://registry.yarnpkg.com/@aws-sdk/middleware-host-header/-/middleware-host-header-3.188.0.tgz#e00ebc97961f9957cfe5fc82c4feb7ff6df2f157"
  integrity sha512-kN2/nykNIYbGluNpgeYKEM0CUY8rGZJSLnBsvxMDjahZgK/9wu1EaOylgAEie/jS56Il1oAk3L2y1rQSMWHZMA==
  dependencies:
    "@aws-sdk/protocol-http" "3.188.0"
    "@aws-sdk/types" "3.188.0"
    tslib "^2.3.1"

"@aws-sdk/middleware-location-constraint@3.188.0":
  version "3.188.0"
  resolved "https://registry.yarnpkg.com/@aws-sdk/middleware-location-constraint/-/middleware-location-constraint-3.188.0.tgz#279d42b4c983f192398717d166a9dac17358702f"
  integrity sha512-3Kha5eBqnwf5+Jr0KN8Pcymtw2jDX3ONC5YfH49ZsEaHOwt3cMw2NlAtc4kBRo/LoAr0JBmi8SZSrdw5PAoTSg==
  dependencies:
    "@aws-sdk/types" "3.188.0"
    tslib "^2.3.1"

"@aws-sdk/middleware-logger@3.188.0":
  version "3.188.0"
  resolved "https://registry.yarnpkg.com/@aws-sdk/middleware-logger/-/middleware-logger-3.188.0.tgz#e8ec090e74a5bc5f46ac980f9d20a59970b13f59"
  integrity sha512-2607GbXHm/Dz3uKDbw3gzFBfVeVzGIt1++hv/hKe2LxYKN6f76zueU5RwJys19ZSZxKyrw/Ytn3vsYtZliJZxg==
  dependencies:
    "@aws-sdk/types" "3.188.0"
    tslib "^2.3.1"

"@aws-sdk/middleware-recursion-detection@3.188.0":
  version "3.188.0"
  resolved "https://registry.yarnpkg.com/@aws-sdk/middleware-recursion-detection/-/middleware-recursion-detection-3.188.0.tgz#e3f1a2d124d7b6ebecee5e519e2264dfe9eca1fd"
  integrity sha512-28t88xlVkHUcmYfOieMqa4iOwaBREaSvA2GPS8Re/5IGBu8+Sb2kouYVlp3YP4thR8OfPyW8liDeUYy0A/aqFw==
  dependencies:
    "@aws-sdk/protocol-http" "3.188.0"
    "@aws-sdk/types" "3.188.0"
    tslib "^2.3.1"

"@aws-sdk/middleware-retry@3.188.0":
  version "3.188.0"
  resolved "https://registry.yarnpkg.com/@aws-sdk/middleware-retry/-/middleware-retry-3.188.0.tgz#3a7eb176c9127597508169d738524537ff02aa1c"
  integrity sha512-4haypZJyQj2r4R8rV4ERdnCiNY1ufro52fUwpvOESpZGDM0Kwu3TaGoKUgOIUi6MZSinHJ5eaqsgcsTlo3wzgg==
  dependencies:
    "@aws-sdk/protocol-http" "3.188.0"
    "@aws-sdk/service-error-classification" "3.188.0"
    "@aws-sdk/types" "3.188.0"
    "@aws-sdk/util-middleware" "3.188.0"
    tslib "^2.3.1"
    uuid "^8.3.2"

"@aws-sdk/middleware-sdk-s3@3.188.0":
  version "3.188.0"
  resolved "https://registry.yarnpkg.com/@aws-sdk/middleware-sdk-s3/-/middleware-sdk-s3-3.188.0.tgz#4c6a91b3aa65cc3fca840008651ad354d5b8555b"
  integrity sha512-PtA7dY2x6aRqAqy68P4Kq/yVslkp0q13OuPZLo0FDn5vERvqfaYdx0CQHVjwsoEO5ZCZXxLqknqIBuTdaxQfKA==
  dependencies:
    "@aws-sdk/middleware-bucket-endpoint" "3.188.0"
    "@aws-sdk/protocol-http" "3.188.0"
    "@aws-sdk/types" "3.188.0"
    "@aws-sdk/util-arn-parser" "3.188.0"
    tslib "^2.3.1"

"@aws-sdk/middleware-sdk-sts@3.188.0":
  version "3.188.0"
  resolved "https://registry.yarnpkg.com/@aws-sdk/middleware-sdk-sts/-/middleware-sdk-sts-3.188.0.tgz#29304c73d98cf09723552632f7dac568e6a0570e"
  integrity sha512-+16r+zZUQ3fe5FVz4AJ8C6XTt1JH4dqyzC0IkNUPAPQYwp7bp5k3AefnrqsaWvToQCCLH5V+ml6uaqEcmJHe0w==
  dependencies:
    "@aws-sdk/middleware-signing" "3.188.0"
    "@aws-sdk/property-provider" "3.188.0"
    "@aws-sdk/protocol-http" "3.188.0"
    "@aws-sdk/signature-v4" "3.188.0"
    "@aws-sdk/types" "3.188.0"
    tslib "^2.3.1"

"@aws-sdk/middleware-serde@3.188.0":
  version "3.188.0"
  resolved "https://registry.yarnpkg.com/@aws-sdk/middleware-serde/-/middleware-serde-3.188.0.tgz#f55559e41cc0574f234cf6368fe922011a313ede"
  integrity sha512-+0dw3ZPDEBv/DqSX9MmLQ2lPvxrO761pJXgDssYNVMY7C+PLB5pU6vKwXbmYAXk/FRwYyRjfKOf2WEvRwen0uw==
  dependencies:
    "@aws-sdk/types" "3.188.0"
    tslib "^2.3.1"

"@aws-sdk/middleware-signing@3.188.0":
  version "3.188.0"
  resolved "https://registry.yarnpkg.com/@aws-sdk/middleware-signing/-/middleware-signing-3.188.0.tgz#dc77259e881332eca188a44e8811ad8bcee0cbf8"
  integrity sha512-zWCgKDknjg/wfJuqRCm37m2JXT3TFJyGpxxMwfG/V2qFc2pDlFOWKu9xeGksRl9tUuLRkecfZZ7asYWCDBzS8w==
  dependencies:
    "@aws-sdk/property-provider" "3.188.0"
    "@aws-sdk/protocol-http" "3.188.0"
    "@aws-sdk/signature-v4" "3.188.0"
    "@aws-sdk/types" "3.188.0"
    "@aws-sdk/util-middleware" "3.188.0"
    tslib "^2.3.1"

"@aws-sdk/middleware-ssec@3.188.0":
  version "3.188.0"
  resolved "https://registry.yarnpkg.com/@aws-sdk/middleware-ssec/-/middleware-ssec-3.188.0.tgz#38e1210f93192b5e452c90249133578c498ec35d"
  integrity sha512-sPtutL/zozOlrwKt6aXrw14h3eUTcIc7TvuexHIKiJIn951YjTxSTOdhnh+oUSM+NKuGTfv/6duUZaCEndcr7Q==
  dependencies:
    "@aws-sdk/types" "3.188.0"
    tslib "^2.3.1"

"@aws-sdk/middleware-stack@3.188.0":
  version "3.188.0"
  resolved "https://registry.yarnpkg.com/@aws-sdk/middleware-stack/-/middleware-stack-3.188.0.tgz#3ec0e0a45272935ef646494acf8097cac8dd2423"
  integrity sha512-HuqP7hVnnx+aHfE6TutlMgjF0b2Ft08s9CDwyZ7ZhmYodQv/iPba7OGL4qz44oq7mdqlltN9sJkXczSAw0Zbaw==
  dependencies:
    tslib "^2.3.1"

"@aws-sdk/middleware-user-agent@3.188.0":
  version "3.188.0"
  resolved "https://registry.yarnpkg.com/@aws-sdk/middleware-user-agent/-/middleware-user-agent-3.188.0.tgz#a9e3fcac41e33c31699e7ff18fe6e066aab62791"
  integrity sha512-7+5lZ2bQWtLZ3YQvNrRRtzBTcVKSr1OBwoCm0+nu6dXbon7S2eeD74A6VzXfBDlhYJjNFa/iCch8TcszshkEzA==
  dependencies:
    "@aws-sdk/protocol-http" "3.188.0"
    "@aws-sdk/types" "3.188.0"
    tslib "^2.3.1"

"@aws-sdk/node-config-provider@3.188.0":
  version "3.188.0"
  resolved "https://registry.yarnpkg.com/@aws-sdk/node-config-provider/-/node-config-provider-3.188.0.tgz#14543908a56fca71745bab6d619452ed15942f0d"
  integrity sha512-Oe9vDTyKAqSpYHLhuuwpIL73plkh5QlggYPL8qi8DmY5rbrwPOgRLD3R0u7PWwlXzHbGceN8bNT3tKrpADxlMQ==
  dependencies:
    "@aws-sdk/property-provider" "3.188.0"
    "@aws-sdk/shared-ini-file-loader" "3.188.0"
    "@aws-sdk/types" "3.188.0"
    tslib "^2.3.1"

"@aws-sdk/node-http-handler@3.188.0":
  version "3.188.0"
  resolved "https://registry.yarnpkg.com/@aws-sdk/node-http-handler/-/node-http-handler-3.188.0.tgz#794f91e894d40a00b05504d1ad0b23516af272e3"
  integrity sha512-2MlxskooHm1kSyWHJqj60Mx0CWaIBtXnslHK+cdSSOrmAIuHybBCWzRSQYDkR96MA4+S0MUVFn6jpKF2St104g==
  dependencies:
    "@aws-sdk/abort-controller" "3.188.0"
    "@aws-sdk/protocol-http" "3.188.0"
    "@aws-sdk/querystring-builder" "3.188.0"
    "@aws-sdk/types" "3.188.0"
    tslib "^2.3.1"

"@aws-sdk/property-provider@3.188.0":
  version "3.188.0"
  resolved "https://registry.yarnpkg.com/@aws-sdk/property-provider/-/property-provider-3.188.0.tgz#726bcb46352f717fd80a14ef1ae614b7b612161a"
  integrity sha512-uRxLfSlo9F8W+A73VnHbBiOwGqXo1sPem0v/53ap76Nvf0114BCEWTSfBByt+h/miUMazS7oI5Qeh41Ht3NiLA==
  dependencies:
    "@aws-sdk/types" "3.188.0"
    tslib "^2.3.1"

"@aws-sdk/protocol-http@3.188.0":
  version "3.188.0"
  resolved "https://registry.yarnpkg.com/@aws-sdk/protocol-http/-/protocol-http-3.188.0.tgz#2a8636daecffe4fc2182cfd495e9615b6023d8da"
  integrity sha512-9f5hTzcsQnl64HFUZsD61pT4kmAMgh7nYdPEUQcVmVy0X3rGsbf7CItjxp/tIG/OiJrsM7Rb6hM0gwZO4PHSdQ==
  dependencies:
    "@aws-sdk/types" "3.188.0"
    tslib "^2.3.1"

"@aws-sdk/querystring-builder@3.188.0":
  version "3.188.0"
  resolved "https://registry.yarnpkg.com/@aws-sdk/querystring-builder/-/querystring-builder-3.188.0.tgz#ac407476f7f0e200cd088855288a7fd1720d9176"
  integrity sha512-geECCF3Djo76dBly5gfm6Jo0R3/w7riXx8YNTps+H04FombWP9Dk7ZWa+EImXEpGaKq6/W8Emxduao9woT2H8A==
  dependencies:
    "@aws-sdk/types" "3.188.0"
    "@aws-sdk/util-uri-escape" "3.188.0"
    tslib "^2.3.1"

"@aws-sdk/querystring-parser@3.188.0":
  version "3.188.0"
  resolved "https://registry.yarnpkg.com/@aws-sdk/querystring-parser/-/querystring-parser-3.188.0.tgz#df1224e5d81a03af079fb1ee1bc962becd1e9956"
  integrity sha512-QT6yLy0hVxOpCBENytwGj2d6V3NkltebCS+6aGPFzeduYuk+YxE1UkK41vhhhsCpJt5srW1zNDbaUzDRLMRGhQ==
  dependencies:
    "@aws-sdk/types" "3.188.0"
    tslib "^2.3.1"

"@aws-sdk/service-error-classification@3.188.0":
  version "3.188.0"
  resolved "https://registry.yarnpkg.com/@aws-sdk/service-error-classification/-/service-error-classification-3.188.0.tgz#01757b0c53e85f66dc69b50330b3a3d7f020d3f4"
  integrity sha512-hze+v3cCfNxk28X6viCr8fNkFRovnBwQmw2Ajyh+nzfmRP2tDK2TZThWwO13XFGtX2YQoy2/UFfOJqphMJsEUQ==

"@aws-sdk/shared-ini-file-loader@3.188.0":
  version "3.188.0"
  resolved "https://registry.yarnpkg.com/@aws-sdk/shared-ini-file-loader/-/shared-ini-file-loader-3.188.0.tgz#9d5ec1b6a01e45b22cb846f0043990c3c304a08c"
  integrity sha512-K0O56/ZN9Z9tbogvcgqJ1jdQ1qnH27/orfXMuduiaip2AXR4wWKmu1VfS91lQ18kaf+xU2zrS4ZioH956fXnfQ==
  dependencies:
    "@aws-sdk/types" "3.188.0"
    tslib "^2.3.1"

"@aws-sdk/signature-v4-multi-region@3.188.0":
  version "3.188.0"
  resolved "https://registry.yarnpkg.com/@aws-sdk/signature-v4-multi-region/-/signature-v4-multi-region-3.188.0.tgz#0b519bc1f68e9b0cc4f304cb3969a9ae8ff9bfd5"
  integrity sha512-61CL5/26+HiqrZIBH6mv7bzjOYAYNC9p6d5Ja6BHyjJJjN1IPOUv5E4cc+llQjQK40ItzQ74e6bcxF3whbgFdA==
  dependencies:
    "@aws-sdk/protocol-http" "3.188.0"
    "@aws-sdk/signature-v4" "3.188.0"
    "@aws-sdk/types" "3.188.0"
    "@aws-sdk/util-arn-parser" "3.188.0"
    tslib "^2.3.1"

"@aws-sdk/signature-v4@3.188.0":
  version "3.188.0"
  resolved "https://registry.yarnpkg.com/@aws-sdk/signature-v4/-/signature-v4-3.188.0.tgz#6d8129ce25831ce5c76aaf2dae5638e42a3d944c"
  integrity sha512-YRyXFWfbblcOuMm/gcd1MGRFiwxrzaMfnZs8OAqtxLyA4b+fT59C7z2XTAHbjBcCrYEbDR9kF7yPkjn1uxDO8g==
  dependencies:
    "@aws-sdk/is-array-buffer" "3.188.0"
    "@aws-sdk/types" "3.188.0"
    "@aws-sdk/util-hex-encoding" "3.188.0"
    "@aws-sdk/util-middleware" "3.188.0"
    "@aws-sdk/util-uri-escape" "3.188.0"
    tslib "^2.3.1"

"@aws-sdk/smithy-client@3.188.0":
  version "3.188.0"
  resolved "https://registry.yarnpkg.com/@aws-sdk/smithy-client/-/smithy-client-3.188.0.tgz#553719326bf6339d4f2d7d0b99566e7a783143f5"
  integrity sha512-heJ1/++zOTU64CxbIRNm3hQgA2muln/HSUz4fDP8T0O8DwJwi9glvJcuoU0yatdjUELMKXMzgzsZSV/+F5EZ6g==
  dependencies:
    "@aws-sdk/middleware-stack" "3.188.0"
    "@aws-sdk/types" "3.188.0"
    tslib "^2.3.1"

"@aws-sdk/types@3.188.0", "@aws-sdk/types@^3.1.0":
  version "3.188.0"
  resolved "https://registry.yarnpkg.com/@aws-sdk/types/-/types-3.188.0.tgz#6283a0716b6f3b22674f818c73d134a4f32e397f"
  integrity sha512-5z4ewjuRFPXYPCV3gaoHDCdjwrpBUs+12uZFBEbGE0S4UV+YrOPN5ehy+rpAGbhrsKYDxbAg9tHLkX4vRDFVgw==

"@aws-sdk/url-parser@3.188.0":
  version "3.188.0"
  resolved "https://registry.yarnpkg.com/@aws-sdk/url-parser/-/url-parser-3.188.0.tgz#140ae2d8866c01a8721adc1d57625756d1fe9710"
  integrity sha512-KdLkmhuFOL7oPhkgVSIMBkaNXxwHqYsHmvZiGOFXT+q28u/Ho85i6ZqgY6FX+/6pfCiF12yDRTBNkqL6SnPwaQ==
  dependencies:
    "@aws-sdk/querystring-parser" "3.188.0"
    "@aws-sdk/types" "3.188.0"
    tslib "^2.3.1"

"@aws-sdk/util-arn-parser@3.188.0":
  version "3.188.0"
  resolved "https://registry.yarnpkg.com/@aws-sdk/util-arn-parser/-/util-arn-parser-3.188.0.tgz#4df0144c00dce3490666da7d55e6e13c9a3f21b2"
  integrity sha512-q4nZzt/g3sRY9a3sj1PaNFwql5bXfKSW4fRy0zLdbZHcYdgq2oQfVsJTIlL9lUNjifkXiIsmk61Q16JExtrLyw==
  dependencies:
    tslib "^2.3.1"

"@aws-sdk/util-base64-browser@3.188.0":
  version "3.188.0"
  resolved "https://registry.yarnpkg.com/@aws-sdk/util-base64-browser/-/util-base64-browser-3.188.0.tgz#581c85dc157aff88ca81e42d9c79d87c95db8d03"
  integrity sha512-qlH+5NZBLiyKziL335BEPedYxX6j+p7KFRWXvDQox9S+s+gLCayednpK+fteOhBenCcR9fUZOVuAPScy1I8qCg==
  dependencies:
    tslib "^2.3.1"

"@aws-sdk/util-base64-node@3.188.0":
  version "3.188.0"
  resolved "https://registry.yarnpkg.com/@aws-sdk/util-base64-node/-/util-base64-node-3.188.0.tgz#1d2413f68c8ad1cca0903fc11d92af88ba70e14d"
  integrity sha512-r1dccRsRjKq+OhVRUfqFiW3sGgZBjHbMeHLbrAs9jrOjU2PTQ8PSzAXLvX/9lmp7YjmX17Qvlsg0NCr1tbB9OA==
  dependencies:
    "@aws-sdk/util-buffer-from" "3.188.0"
    tslib "^2.3.1"

"@aws-sdk/util-body-length-browser@3.188.0":
  version "3.188.0"
  resolved "https://registry.yarnpkg.com/@aws-sdk/util-body-length-browser/-/util-body-length-browser-3.188.0.tgz#e1d949318c10a621b38575a9ef01e39f9857ddb0"
  integrity sha512-8VpnwFWXhnZ/iRSl9mTf+VKOX9wDE8QtN4bj9pBfxwf90H1X7E8T6NkiZD3k+HubYf2J94e7DbeHs7fuCPW5Qg==
  dependencies:
    tslib "^2.3.1"

"@aws-sdk/util-body-length-node@3.188.0":
  version "3.188.0"
  resolved "https://registry.yarnpkg.com/@aws-sdk/util-body-length-node/-/util-body-length-node-3.188.0.tgz#3fc2a820b9be0efcbdf962d8f980b9000b98ddba"
  integrity sha512-XwqP3vxk60MKp4YDdvDeCD6BPOiG2e+/Ou4AofZOy5/toB6NKz2pFNibQIUg2+jc7mPMnGnvOW3MQEgSJ+gu/Q==
  dependencies:
    tslib "^2.3.1"

"@aws-sdk/util-buffer-from@3.188.0":
  version "3.188.0"
  resolved "https://registry.yarnpkg.com/@aws-sdk/util-buffer-from/-/util-buffer-from-3.188.0.tgz#a062ccd990571df4353990e8b78aebec5a14547d"
  integrity sha512-NX1WXZ8TH20IZb4jPFT2CnLKSqZWddGxtfiWxD9M47YOtq/SSQeR82fhqqVjJn4P8w2F5E28f+Du4ntg/sGcxA==
  dependencies:
    "@aws-sdk/is-array-buffer" "3.188.0"
    tslib "^2.3.1"

"@aws-sdk/util-config-provider@3.188.0":
  version "3.188.0"
  resolved "https://registry.yarnpkg.com/@aws-sdk/util-config-provider/-/util-config-provider-3.188.0.tgz#f7a365e6cbfe728c1224f0b39926636619b669e0"
  integrity sha512-LBA7tLbi7v4uvbOJhSnjJrxbcRifKK/1ZVK94JTV2MNSCCyNkFotyEI5UWDl10YKriTIUyf7o5cakpiDZ3O4xg==
  dependencies:
    tslib "^2.3.1"

"@aws-sdk/util-defaults-mode-browser@3.188.0":
  version "3.188.0"
  resolved "https://registry.yarnpkg.com/@aws-sdk/util-defaults-mode-browser/-/util-defaults-mode-browser-3.188.0.tgz#1828aab7b50312be55100c0d88eb22cfc84caa82"
  integrity sha512-exuym/vHTIn9kAIDgVFv/2WvCWuKu98DWPnGnG9Jm1pB1etNvD5xPHVTN8UIu0nQgWO0Mgq8Zv9rdlEerx/t4Q==
  dependencies:
    "@aws-sdk/property-provider" "3.188.0"
    "@aws-sdk/types" "3.188.0"
    bowser "^2.11.0"
    tslib "^2.3.1"

"@aws-sdk/util-defaults-mode-node@3.188.0":
  version "3.188.0"
  resolved "https://registry.yarnpkg.com/@aws-sdk/util-defaults-mode-node/-/util-defaults-mode-node-3.188.0.tgz#c61e09821318771bff63395a5bb28381f6c8ad3a"
  integrity sha512-KE2y78qJ5wCiVf2YZVuD3CsrozhOeFeI816t0Kp0GN8q71TmyBK/FXR+3Uth6G5OCM6ytMCi6R7ZLJv1PqsQKQ==
  dependencies:
    "@aws-sdk/config-resolver" "3.188.0"
    "@aws-sdk/credential-provider-imds" "3.188.0"
    "@aws-sdk/node-config-provider" "3.188.0"
    "@aws-sdk/property-provider" "3.188.0"
    "@aws-sdk/types" "3.188.0"
    tslib "^2.3.1"

"@aws-sdk/util-hex-encoding@3.188.0":
  version "3.188.0"
  resolved "https://registry.yarnpkg.com/@aws-sdk/util-hex-encoding/-/util-hex-encoding-3.188.0.tgz#c2d8b02b952db58acbd5f53718109657c69c460f"
  integrity sha512-QyWovTtjQ2RYxqVM+STPh65owSqzuXURnfoof778spyX4iQ4z46wOge1YV2ZtwS8w5LWd9eeVvDrLu5POPYOnA==
  dependencies:
    tslib "^2.3.1"

"@aws-sdk/util-locate-window@^3.0.0":
  version "3.55.0"
  resolved "https://registry.yarnpkg.com/@aws-sdk/util-locate-window/-/util-locate-window-3.55.0.tgz#a4136a20ee1bfcb73967a6614caf769ef79db070"
  integrity sha512-0sPmK2JaJE2BbTcnvybzob/VrFKCXKfN4CUKcvn0yGg/me7Bz+vtzQRB3Xp+YSx+7OtWxzv63wsvHoAnXvgxgg==
  dependencies:
    tslib "^2.3.1"

"@aws-sdk/util-middleware@3.188.0":
  version "3.188.0"
  resolved "https://registry.yarnpkg.com/@aws-sdk/util-middleware/-/util-middleware-3.188.0.tgz#021d267b3743bd4ba77f58b8d78b0b3590e61939"
  integrity sha512-Rm2IFzr+b4M/N6aqYndqyCxnxlwtMMDtGU1uRxaOpVapskKpf8H0aF0U/FCN4t70x5HXql0l2Fv4d3CH9CRGig==
  dependencies:
    tslib "^2.3.1"

"@aws-sdk/util-stream-browser@3.188.0":
  version "3.188.0"
  resolved "https://registry.yarnpkg.com/@aws-sdk/util-stream-browser/-/util-stream-browser-3.188.0.tgz#541278646c97a0e55c3bcc225093d020c53841c3"
  integrity sha512-I47ZmH0j0UPm7Mr2rditYbeGbQyThDtw8+7VXh6thuAG/xgG2hn89eM3aBIyPecx2jy/UBs/OikDDWkBMEFu2A==
  dependencies:
    "@aws-sdk/fetch-http-handler" "3.188.0"
    "@aws-sdk/types" "3.188.0"
    "@aws-sdk/util-base64-browser" "3.188.0"
    "@aws-sdk/util-hex-encoding" "3.188.0"
    "@aws-sdk/util-utf8-browser" "3.188.0"
    tslib "^2.3.1"

"@aws-sdk/util-stream-node@3.188.0":
  version "3.188.0"
  resolved "https://registry.yarnpkg.com/@aws-sdk/util-stream-node/-/util-stream-node-3.188.0.tgz#6e3058f9f0bd288c073b056c5fd98f39cfe52562"
  integrity sha512-dzz1QJPL5jaKpNd+joPJz3Hl/aNqad3DA/0gLKcd1fHOR9wad+3sZy1lZMLrNuiixe+K/3GRggZjwUv4zPqriQ==
  dependencies:
    "@aws-sdk/node-http-handler" "3.188.0"
    "@aws-sdk/types" "3.188.0"
    "@aws-sdk/util-buffer-from" "3.188.0"
    tslib "^2.3.1"

"@aws-sdk/util-uri-escape@3.188.0":
  version "3.188.0"
  resolved "https://registry.yarnpkg.com/@aws-sdk/util-uri-escape/-/util-uri-escape-3.188.0.tgz#6dbd4322f6cdc3252a75c6f729e1082369c468c0"
  integrity sha512-4Y6AYZMT483Tiuq8dxz5WHIiPNdSFPGrl6tRTo2Oi2FcwypwmFhqgEGcqxeXDUJktvaCBxeA08DLr/AemVhPCg==
  dependencies:
    tslib "^2.3.1"

"@aws-sdk/util-user-agent-browser@3.188.0":
  version "3.188.0"
  resolved "https://registry.yarnpkg.com/@aws-sdk/util-user-agent-browser/-/util-user-agent-browser-3.188.0.tgz#f52c76bccd91122922855a98e6c60c8b7a1b523c"
  integrity sha512-kgOey8X4fbHw0XHVur2gdA2ADyIIzbk6wZtu+X4M1ekxhBNb7taTNO5sa5s1mLId9/tQ+DwLyPQFtZczlAaqLg==
  dependencies:
    "@aws-sdk/types" "3.188.0"
    bowser "^2.11.0"
    tslib "^2.3.1"

"@aws-sdk/util-user-agent-node@3.188.0":
  version "3.188.0"
  resolved "https://registry.yarnpkg.com/@aws-sdk/util-user-agent-node/-/util-user-agent-node-3.188.0.tgz#7908b96a5cb5aca03b618bdc0eda3bedba70784b"
  integrity sha512-apIuMf+VMODmt2HWIt8Ywlk30KajaHJiSvssvyZvRXrprV8ic9Pb+1/AKh0D7XBaJq5HwXFCRwG5P4ryr37Yfg==
  dependencies:
    "@aws-sdk/node-config-provider" "3.188.0"
    "@aws-sdk/types" "3.188.0"
    tslib "^2.3.1"

"@aws-sdk/util-utf8-browser@3.188.0", "@aws-sdk/util-utf8-browser@^3.0.0":
  version "3.188.0"
  resolved "https://registry.yarnpkg.com/@aws-sdk/util-utf8-browser/-/util-utf8-browser-3.188.0.tgz#484762bd600401350e148277731d6744a4a92225"
  integrity sha512-jt627x0+jE+Ydr9NwkFstg3cUvgWh56qdaqAMDsqgRlKD21md/6G226z/Qxl7lb1VEW2LlmCx43ai/37Qwcj2Q==
  dependencies:
    tslib "^2.3.1"

"@aws-sdk/util-utf8-node@3.188.0":
  version "3.188.0"
  resolved "https://registry.yarnpkg.com/@aws-sdk/util-utf8-node/-/util-utf8-node-3.188.0.tgz#935bc58a71f2792ac6a4ec881f72bf9ceee008b4"
  integrity sha512-hCgP4+C0Lekjpjt2zFJ2R/iHes5sBGljXa5bScOFAEkRUc0Qw0VNgTv7LpEbIOAwGmqyxBoCwBW0YHPW1DfmYQ==
  dependencies:
    "@aws-sdk/util-buffer-from" "3.188.0"
    tslib "^2.3.1"

"@aws-sdk/util-waiter@3.188.0":
  version "3.188.0"
  resolved "https://registry.yarnpkg.com/@aws-sdk/util-waiter/-/util-waiter-3.188.0.tgz#984ffe028108dcaaf09ef6270750cbff24a0ae4a"
  integrity sha512-Vw+lMqvwfPOz3/eB8Dqq1VgmeU398dGxWJROJk6yOpBb5BZcvw/8woj8NWZiKxe2gNmVPdrgVSiE+lx3twMF6g==
  dependencies:
    "@aws-sdk/abort-controller" "3.188.0"
    "@aws-sdk/types" "3.188.0"
    tslib "^2.3.1"

"@aws-sdk/xml-builder@3.188.0":
  version "3.188.0"
  resolved "https://registry.yarnpkg.com/@aws-sdk/xml-builder/-/xml-builder-3.188.0.tgz#d3f72f5e490be577670b6532343f5682e38ac000"
  integrity sha512-/Hah3gAtrBpEaDInX3eSS0nXw/IUeb+rWiGspXxb5O8bh5kyjQqeu8/sVJQlpOtq4aPDbMDmloH4k696qTqgbw==
  dependencies:
    tslib "^2.3.1"

"@types/cron@^2.0.0":
  version "2.0.0"
  resolved "https://registry.yarnpkg.com/@types/cron/-/cron-2.0.0.tgz#4fe75f2720a3b69a1f7b80e656749f4c2c96d727"
  integrity sha512-xZM08fqvwIXgghtPVkSPKNgC+JoMQ2OHazEvyTKnNf7aWu1aB6/4lBbQFrb03Td2cUGG7ITzMv3mFYnMu6xRaQ==
  dependencies:
    "@types/luxon" "*"
    "@types/node" "*"

"@types/luxon@*":
  version "3.0.1"
  resolved "https://registry.yarnpkg.com/@types/luxon/-/luxon-3.0.1.tgz#2b1657096473e24b049bdedf3710f99645f3a17f"
  integrity sha512-/LAvk1cMOJt0ghzMFrZEvByUhsiEfeeT2IF53Le+Ki3A538yEL9pRZ7a6MuCxdrYK+YNqNIDmrKU/r2nnw04zQ==

"@types/node@*":
  version "18.7.14"
  resolved "https://registry.yarnpkg.com/@types/node/-/node-18.7.14.tgz#0fe081752a3333392d00586d815485a17c2cf3c9"
  integrity sha512-6bbDaETVi8oyIARulOE9qF1/Qdi/23z6emrUh0fNJRUmjznqrixD4MpGDdgOFk5Xb0m2H6Xu42JGdvAxaJR/wA==

"@types/node@^16.9.1":
  version "16.11.56"
  resolved "https://registry.yarnpkg.com/@types/node/-/node-16.11.56.tgz#dcbb617669481e158e0f1c6204d1c768cd675901"
  integrity sha512-aFcUkv7EddxxOa/9f74DINReQ/celqH8DiB3fRYgVDM2Xm5QJL8sl80QKuAnGvwAsMn+H3IFA6WCrQh1CY7m1A==

bowser@^2.11.0:
  version "2.11.0"
  resolved "https://registry.yarnpkg.com/bowser/-/bowser-2.11.0.tgz#5ca3c35757a7aa5771500c70a73a9f91ef420a8f"
  integrity sha512-AlcaJBi/pqqJBIQ8U9Mcpc9i8Aqxn88Skv5d+xBX006BY5u8N3mGLHa5Lgppa7L/HfwgwLgZ6NYs+Ag6uUmJRA==

cron@^2.1.0:
  version "2.1.0"
  resolved "https://registry.yarnpkg.com/cron/-/cron-2.1.0.tgz#f69fe77f1164d0bccbc24300938bbb3bea6ed95e"
  integrity sha512-Hq7u3P8y7UWYvsZbSKHHJDVG0VO9O7tp2qljxzTScelcTODBfCme8AIhnZsFwmQ9NchZ3hr2uNr+s3DSms7q6w==
  dependencies:
    luxon "^1.23.x"

envsafe@^2.0.3:
  version "2.0.3"
  resolved "https://registry.yarnpkg.com/envsafe/-/envsafe-2.0.3.tgz#cb88a9f750a67455638ebfc16f4cd5296bb5e1a0"
  integrity sha512-51lek8h5btjXhXUDW//Pno7HPydM1WQzltOb1/ONRKdwB2QkfAURnN4Qn0cJ5LzGvX2Km1ReR2O3K3Bqq9sBMg==

fast-xml-parser@4.0.11:
  version "4.0.11"
  resolved "https://registry.yarnpkg.com/fast-xml-parser/-/fast-xml-parser-4.0.11.tgz#42332a9aca544520631c8919e6ea871c0185a985"
  integrity sha512-4aUg3aNRR/WjQAcpceODG1C3x3lFANXRo8+1biqfieHmg9pyMt7qB4lQV/Ta6sJCTbA5vfD8fnA8S54JATiFUA==
  dependencies:
    strnum "^1.0.5"

luxon@^1.23.x:
  version "1.28.0"
  resolved "https://registry.yarnpkg.com/luxon/-/luxon-1.28.0.tgz#e7f96daad3938c06a62de0fb027115d251251fbf"
  integrity sha512-TfTiyvZhwBYM/7QdAVDh+7dBTBA29v4ik0Ce9zda3Mnf8on1S5KJI8P2jKFZ8+5C0jhmr0KwJEO/Wdpm0VeWJQ==

strnum@^1.0.5:
  version "1.0.5"
  resolved "https://registry.yarnpkg.com/strnum/-/strnum-1.0.5.tgz#5c4e829fe15ad4ff0d20c3db5ac97b73c9b072db"
  integrity sha512-J8bbNyKKXl5qYcR36TIO8W3mVGVHrmmxsd5PAItGkmyzwJvybiw2IVq5nqd0i4LSNSkB/sx9VHllbfFdr9k1JA==

tslib@^1.11.1:
  version "1.14.1"
  resolved "https://registry.yarnpkg.com/tslib/-/tslib-1.14.1.tgz#cf2d38bdc34a134bcaf1091c41f6619e2f672d00"
  integrity sha512-Xni35NKzjgMrwevysHTCArtLDpPvye8zV/0E4EyYn43P7/7qvQwPh9BGkHewbMulVntbigmcT7rdX3BNo9wRJg==

tslib@^2.3.1:
  version "2.4.0"
  resolved "https://registry.yarnpkg.com/tslib/-/tslib-2.4.0.tgz#7cecaa7f073ce680a05847aa77be941098f36dc3"
  integrity sha512-d6xOpEDfsi2CZVlPQzGeux8XMwLT9hssAsaPYExaQMuYskwb+x1x7J371tWlbBdWHroy99KnVB6qIkUbs5X3UQ==

typescript@^4.8.4:
  version "4.8.4"
  resolved "https://registry.yarnpkg.com/typescript/-/typescript-4.8.4.tgz#c464abca159669597be5f96b8943500b238e60e6"
  integrity sha512-QCh+85mCy+h0IGff8r5XWzOVSbBO+KfeYrMQh7NJ58QujwcE22u+NUSmUxqF+un70P9GXKxa2HCNiTTMJknyjQ==

uuid@^8.3.2:
  version "8.3.2"
  resolved "https://registry.yarnpkg.com/uuid/-/uuid-8.3.2.tgz#80d5b5ced271bb9af6c445f21a1a04c606cefbe2"
  integrity sha512-+NYs2QeMWy+GWFOEm9xnn6HCDp0l7QBD7ml8zLUmJ+93Q5NF0NocErnwkTkXVFNiX3/fpC6afS8Dhb/gz7R7eg==
