# THIS IS AN AUTOGENERATED FILE. DO NOT EDIT THIS FILE DIRECTLY.
# yarn lockfile v1


"@aws-crypto/crc32@2.0.0":
  version "2.0.0"
  resolved "https://registry.yarnpkg.com/@aws-crypto/crc32/-/crc32-2.0.0.tgz#4ad432a3c03ec3087c5540ff6e41e6565d2dc153"
  integrity sha512-TvE1r2CUueyXOuHdEigYjIZVesInd9KN+K/TFFNfkkxRThiNxO6i4ZqqAVMoEjAamZZ1AA8WXJkjCz7YShHPQA==
  dependencies:
    "@aws-crypto/util" "^2.0.0"
    "@aws-sdk/types" "^3.1.0"
    tslib "^1.11.1"

"@aws-crypto/crc32c@2.0.0":
  version "2.0.0"
  resolved "https://registry.yarnpkg.com/@aws-crypto/crc32c/-/crc32c-2.0.0.tgz#4235336ef78f169f6a05248906703b9b78da676e"
  integrity sha512-vF0eMdMHx3O3MoOXUfBZry8Y4ZDtcuskjjKgJz8YfIDjLStxTZrYXk+kZqtl6A0uCmmiN/Eb/JbC/CndTV1MHg==
  dependencies:
    "@aws-crypto/util" "^2.0.0"
    "@aws-sdk/types" "^3.1.0"
    tslib "^1.11.1"

"@aws-crypto/ie11-detection@^2.0.0":
  version "2.0.0"
  resolved "https://registry.yarnpkg.com/@aws-crypto/ie11-detection/-/ie11-detection-2.0.0.tgz#bb6c2facf8f03457e949dcf0921477397ffa4c6e"
  integrity sha512-pkVXf/dq6PITJ0jzYZ69VhL8VFOFoPZLZqtU/12SGnzYuJOOGNfF41q9GxdI1yqC8R13Rq3jOLKDFpUJFT5eTA==
  dependencies:
    tslib "^1.11.1"

"@aws-crypto/sha1-browser@2.0.0":
  version "2.0.0"
  resolved "https://registry.yarnpkg.com/@aws-crypto/sha1-browser/-/sha1-browser-2.0.0.tgz#71e735df20ea1d38f59259c4b1a2e00ca74a0eea"
  integrity sha512-3fIVRjPFY8EG5HWXR+ZJZMdWNRpwbxGzJ9IH9q93FpbgCH8u8GHRi46mZXp3cYD7gealmyqpm3ThZwLKJjWJhA==
  dependencies:
    "@aws-crypto/ie11-detection" "^2.0.0"
    "@aws-crypto/supports-web-crypto" "^2.0.0"
    "@aws-sdk/types" "^3.1.0"
    "@aws-sdk/util-locate-window" "^3.0.0"
    "@aws-sdk/util-utf8-browser" "^3.0.0"
    tslib "^1.11.1"

"@aws-crypto/sha256-browser@2.0.0":
  version "2.0.0"
  resolved "https://registry.yarnpkg.com/@aws-crypto/sha256-browser/-/sha256-browser-2.0.0.tgz#741c9024df55ec59b51e5b1f5d806a4852699fb5"
  integrity sha512-rYXOQ8BFOaqMEHJrLHul/25ckWH6GTJtdLSajhlqGMx0PmSueAuvboCuZCTqEKlxR8CQOwRarxYMZZSYlhRA1A==
  dependencies:
    "@aws-crypto/ie11-detection" "^2.0.0"
    "@aws-crypto/sha256-js" "^2.0.0"
    "@aws-crypto/supports-web-crypto" "^2.0.0"
    "@aws-crypto/util" "^2.0.0"
    "@aws-sdk/types" "^3.1.0"
    "@aws-sdk/util-locate-window" "^3.0.0"
    "@aws-sdk/util-utf8-browser" "^3.0.0"
    tslib "^1.11.1"

"@aws-crypto/sha256-js@2.0.0":
  version "2.0.0"
  resolved "https://registry.yarnpkg.com/@aws-crypto/sha256-js/-/sha256-js-2.0.0.tgz#f1f936039bdebd0b9e2dd834d65afdc2aac4efcb"
  integrity sha512-VZY+mCY4Nmrs5WGfitmNqXzaE873fcIZDu54cbaDaaamsaTOP1DBImV9F4pICc3EHjQXujyE8jig+PFCaew9ig==
  dependencies:
    "@aws-crypto/util" "^2.0.0"
    "@aws-sdk/types" "^3.1.0"
    tslib "^1.11.1"

"@aws-crypto/sha256-js@^2.0.0":
  version "2.0.1"
  resolved "https://registry.yarnpkg.com/@aws-crypto/sha256-js/-/sha256-js-2.0.1.tgz#79e1e6cf61f652ef2089c08d471c722ecf1626a9"
  integrity sha512-mbHTBSPBvg6o/mN/c18Z/zifM05eJrapj5ggoOIeHIWckvkv5VgGi7r/wYpt+QAO2ySKXLNvH2d8L7bne4xrMQ==
  dependencies:
    "@aws-crypto/util" "^2.0.1"
    "@aws-sdk/types" "^3.1.0"
    tslib "^1.11.1"

"@aws-crypto/supports-web-crypto@^2.0.0":
  version "2.0.0"
  resolved "https://registry.yarnpkg.com/@aws-crypto/supports-web-crypto/-/supports-web-crypto-2.0.0.tgz#fd6cde30b88f77d5a4f57b2c37c560d918014f9e"
  integrity sha512-Ge7WQ3E0OC7FHYprsZV3h0QIcpdyJLvIeg+uTuHqRYm8D6qCFJoiC+edSzSyFiHtZf+NOQDJ1q46qxjtzIY2nA==
  dependencies:
    tslib "^1.11.1"

"@aws-crypto/util@^2.0.0", "@aws-crypto/util@^2.0.1":
  version "2.0.1"
  resolved "https://registry.yarnpkg.com/@aws-crypto/util/-/util-2.0.1.tgz#976cf619cf85084ca85ec5eb947a6ac6b8b5c98c"
  integrity sha512-JJmFFwvbm08lULw4Nm5QOLg8+lAQeC8aCXK5xrtxntYzYXCGfHwUJ4Is3770Q7HmICsXthGQ+ZsDL7C2uH3yBQ==
  dependencies:
    "@aws-sdk/types" "^3.1.0"
    "@aws-sdk/util-utf8-browser" "^3.0.0"
    tslib "^1.11.1"

"@aws-sdk/abort-controller@3.198.0":
  version "3.198.0"
  resolved "https://registry.yarnpkg.com/@aws-sdk/abort-controller/-/abort-controller-3.198.0.tgz#fab7d030b165e2a3926d33d09b12cabf5159a7ac"
  integrity sha512-kmK1fNJ5nkBH23wOrAdxWcVtG/NNCaX66cxr90jnbGvSAeNRi5nLLqlmQOyZ0RRg+tpNCec+N/qqfxAmmD3NdQ==
  dependencies:
    "@aws-sdk/types" "3.198.0"
    tslib "^2.3.1"

"@aws-sdk/chunked-blob-reader-native@3.188.0":
  version "3.188.0"
  resolved "https://registry.yarnpkg.com/@aws-sdk/chunked-blob-reader-native/-/chunked-blob-reader-native-3.188.0.tgz#a5c3a778b23af761703317ef286a083a43fb510f"
  integrity sha512-WielYjaAHfT/HAOW7Tj6yVeNdaOtts3aUm9Sf/3D+ElbCTGyaaMNfE4x0a+qn6dJZXewf1eAxybOIU5ftIeSGw==
  dependencies:
    "@aws-sdk/util-base64-browser" "3.188.0"
    tslib "^2.3.1"

"@aws-sdk/chunked-blob-reader@3.188.0":
  version "3.188.0"
  resolved "https://registry.yarnpkg.com/@aws-sdk/chunked-blob-reader/-/chunked-blob-reader-3.188.0.tgz#18181b27511ab512e56b9f2cef30d2abbef639dc"
  integrity sha512-zkPRFZZPL3eH+kH86LDYYXImiClA1/sW60zYOjse9Pgka+eDJlvBN6hcYxwDEKjcwATYiSRR1aVQHcfCinlGXg==
  dependencies:
    tslib "^2.3.1"

"@aws-sdk/client-s3@^3.199.0":
  version "3.199.0"
  resolved "https://registry.yarnpkg.com/@aws-sdk/client-s3/-/client-s3-3.199.0.tgz#7675752031da61a3d7695704c1745570289b1465"
  integrity sha512-onGAzUyEZG7dUelgUqw+X9bWH4pbPpH78kjQIwJx3kqIx9OhCy7cqodan2UUnxBtbTW+i8j23PEs2NJRBYoxyQ==
  dependencies:
    "@aws-crypto/sha1-browser" "2.0.0"
    "@aws-crypto/sha256-browser" "2.0.0"
    "@aws-crypto/sha256-js" "2.0.0"
    "@aws-sdk/client-sts" "3.199.0"
    "@aws-sdk/config-resolver" "3.198.0"
    "@aws-sdk/credential-provider-node" "3.199.0"
    "@aws-sdk/eventstream-serde-browser" "3.199.0"
    "@aws-sdk/eventstream-serde-config-resolver" "3.198.0"
    "@aws-sdk/eventstream-serde-node" "3.199.0"
    "@aws-sdk/fetch-http-handler" "3.199.0"
    "@aws-sdk/hash-blob-browser" "3.198.0"
    "@aws-sdk/hash-node" "3.198.0"
    "@aws-sdk/hash-stream-node" "3.198.0"
    "@aws-sdk/invalid-dependency" "3.198.0"
    "@aws-sdk/md5-js" "3.199.0"
    "@aws-sdk/middleware-bucket-endpoint" "3.198.0"
    "@aws-sdk/middleware-content-length" "3.199.0"
    "@aws-sdk/middleware-endpoint" "3.198.0"
    "@aws-sdk/middleware-expect-continue" "3.198.0"
    "@aws-sdk/middleware-flexible-checksums" "3.198.0"
    "@aws-sdk/middleware-host-header" "3.198.0"
    "@aws-sdk/middleware-location-constraint" "3.198.0"
    "@aws-sdk/middleware-logger" "3.198.0"
    "@aws-sdk/middleware-recursion-detection" "3.198.0"
    "@aws-sdk/middleware-retry" "3.198.0"
    "@aws-sdk/middleware-sdk-s3" "3.198.0"
    "@aws-sdk/middleware-serde" "3.198.0"
    "@aws-sdk/middleware-signing" "3.198.0"
    "@aws-sdk/middleware-ssec" "3.198.0"
    "@aws-sdk/middleware-stack" "3.198.0"
    "@aws-sdk/middleware-user-agent" "3.198.0"
    "@aws-sdk/node-config-provider" "3.198.0"
    "@aws-sdk/node-http-handler" "3.199.0"
    "@aws-sdk/protocol-http" "3.198.0"
    "@aws-sdk/signature-v4-multi-region" "3.198.0"
    "@aws-sdk/smithy-client" "3.198.0"
    "@aws-sdk/types" "3.198.0"
    "@aws-sdk/url-parser" "3.198.0"
    "@aws-sdk/util-base64-browser" "3.188.0"
    "@aws-sdk/util-base64-node" "3.188.0"
    "@aws-sdk/util-body-length-browser" "3.188.0"
    "@aws-sdk/util-body-length-node" "3.188.0"
    "@aws-sdk/util-defaults-mode-browser" "3.198.0"
    "@aws-sdk/util-defaults-mode-node" "3.198.0"
    "@aws-sdk/util-endpoints" "3.198.0"
    "@aws-sdk/util-stream-browser" "3.199.0"
    "@aws-sdk/util-stream-node" "3.199.0"
    "@aws-sdk/util-user-agent-browser" "3.198.0"
    "@aws-sdk/util-user-agent-node" "3.198.0"
    "@aws-sdk/util-utf8-browser" "3.188.0"
    "@aws-sdk/util-utf8-node" "3.199.0"
    "@aws-sdk/util-waiter" "3.198.0"
    "@aws-sdk/xml-builder" "3.188.0"
    fast-xml-parser "4.0.11"
    tslib "^2.3.1"

"@aws-sdk/client-sso@3.199.0":
  version "3.199.0"
  resolved "https://registry.yarnpkg.com/@aws-sdk/client-sso/-/client-sso-3.199.0.tgz#b5da43b3240a135baeb668cbc5521198d794d1f6"
  integrity sha512-xRTI39cLcCU1lGlSaE2arCPzRwUY16Oq46fGoe+9pwalDL3oKeE6uq/idTxPzPZdZFhzpLUVc0QdfwGDYhJpXg==
  dependencies:
    "@aws-crypto/sha256-browser" "2.0.0"
    "@aws-crypto/sha256-js" "2.0.0"
    "@aws-sdk/config-resolver" "3.198.0"
    "@aws-sdk/fetch-http-handler" "3.199.0"
    "@aws-sdk/hash-node" "3.198.0"
    "@aws-sdk/invalid-dependency" "3.198.0"
    "@aws-sdk/middleware-content-length" "3.199.0"
    "@aws-sdk/middleware-endpoint" "3.198.0"
    "@aws-sdk/middleware-host-header" "3.198.0"
    "@aws-sdk/middleware-logger" "3.198.0"
    "@aws-sdk/middleware-recursion-detection" "3.198.0"
    "@aws-sdk/middleware-retry" "3.198.0"
    "@aws-sdk/middleware-serde" "3.198.0"
    "@aws-sdk/middleware-stack" "3.198.0"
    "@aws-sdk/middleware-user-agent" "3.198.0"
    "@aws-sdk/node-config-provider" "3.198.0"
    "@aws-sdk/node-http-handler" "3.199.0"
    "@aws-sdk/protocol-http" "3.198.0"
    "@aws-sdk/smithy-client" "3.198.0"
    "@aws-sdk/types" "3.198.0"
    "@aws-sdk/url-parser" "3.198.0"
    "@aws-sdk/util-base64-browser" "3.188.0"
    "@aws-sdk/util-base64-node" "3.188.0"
    "@aws-sdk/util-body-length-browser" "3.188.0"
    "@aws-sdk/util-body-length-node" "3.188.0"
    "@aws-sdk/util-defaults-mode-browser" "3.198.0"
    "@aws-sdk/util-defaults-mode-node" "3.198.0"
    "@aws-sdk/util-endpoints" "3.198.0"
    "@aws-sdk/util-user-agent-browser" "3.198.0"
    "@aws-sdk/util-user-agent-node" "3.198.0"
    "@aws-sdk/util-utf8-browser" "3.188.0"
    "@aws-sdk/util-utf8-node" "3.199.0"
    tslib "^2.3.1"

"@aws-sdk/client-sts@3.199.0":
  version "3.199.0"
  resolved "https://registry.yarnpkg.com/@aws-sdk/client-sts/-/client-sts-3.199.0.tgz#fef0f786b8e27085b5a94a4d9ea95b70ce751d7b"
  integrity sha512-ly7kLi/KFRr9RrvTVVlDAXlROkInTMRy4BL02Ugw7brSPysUJabzdlDB5gxC+jbeq8qpai/vCybePf6lgrcvFw==
  dependencies:
    "@aws-crypto/sha256-browser" "2.0.0"
    "@aws-crypto/sha256-js" "2.0.0"
    "@aws-sdk/config-resolver" "3.198.0"
    "@aws-sdk/credential-provider-node" "3.199.0"
    "@aws-sdk/fetch-http-handler" "3.199.0"
    "@aws-sdk/hash-node" "3.198.0"
    "@aws-sdk/invalid-dependency" "3.198.0"
    "@aws-sdk/middleware-content-length" "3.199.0"
    "@aws-sdk/middleware-endpoint" "3.198.0"
    "@aws-sdk/middleware-host-header" "3.198.0"
    "@aws-sdk/middleware-logger" "3.198.0"
    "@aws-sdk/middleware-recursion-detection" "3.198.0"
    "@aws-sdk/middleware-retry" "3.198.0"
    "@aws-sdk/middleware-sdk-sts" "3.199.0"
    "@aws-sdk/middleware-serde" "3.198.0"
    "@aws-sdk/middleware-signing" "3.198.0"
    "@aws-sdk/middleware-stack" "3.198.0"
    "@aws-sdk/middleware-user-agent" "3.198.0"
    "@aws-sdk/node-config-provider" "3.198.0"
    "@aws-sdk/node-http-handler" "3.199.0"
    "@aws-sdk/protocol-http" "3.198.0"
    "@aws-sdk/smithy-client" "3.198.0"
    "@aws-sdk/types" "3.198.0"
    "@aws-sdk/url-parser" "3.198.0"
    "@aws-sdk/util-base64-browser" "3.188.0"
    "@aws-sdk/util-base64-node" "3.188.0"
    "@aws-sdk/util-body-length-browser" "3.188.0"
    "@aws-sdk/util-body-length-node" "3.188.0"
    "@aws-sdk/util-defaults-mode-browser" "3.198.0"
    "@aws-sdk/util-defaults-mode-node" "3.198.0"
    "@aws-sdk/util-endpoints" "3.198.0"
    "@aws-sdk/util-user-agent-browser" "3.198.0"
    "@aws-sdk/util-user-agent-node" "3.198.0"
    "@aws-sdk/util-utf8-browser" "3.188.0"
    "@aws-sdk/util-utf8-node" "3.199.0"
    fast-xml-parser "4.0.11"
    tslib "^2.3.1"

"@aws-sdk/config-resolver@3.198.0":
  version "3.198.0"
  resolved "https://registry.yarnpkg.com/@aws-sdk/config-resolver/-/config-resolver-3.198.0.tgz#25b2efc2d7de6e05d7ad7b1e8f2fb2055d0bed19"
  integrity sha512-CxpbkTOfOYZLWcNgcZqooSIlLnixzHVz6skDgxOfeN2vohNOgt8hwU0Dmif3sC4AeyeV0CBm7ew9tg/WzsBxhg==
  dependencies:
    "@aws-sdk/signature-v4" "3.198.0"
    "@aws-sdk/types" "3.198.0"
    "@aws-sdk/util-config-provider" "3.188.0"
    "@aws-sdk/util-middleware" "3.198.0"
    tslib "^2.3.1"

"@aws-sdk/credential-provider-env@3.198.0":
  version "3.198.0"
  resolved "https://registry.yarnpkg.com/@aws-sdk/credential-provider-env/-/credential-provider-env-3.198.0.tgz#f88ae32587bc6d3dfa9fdb569cfe6055c8551966"
  integrity sha512-Psui5iNdbHrHNF14vejORMtSEaH7EOt51pQcfmP1jk8Tinf+KMMMdbOqyzL4LHYwLTLH9Cr6m6UGrJXdmFiIZA==
  dependencies:
    "@aws-sdk/property-provider" "3.198.0"
    "@aws-sdk/types" "3.198.0"
    tslib "^2.3.1"

"@aws-sdk/credential-provider-imds@3.198.0":
  version "3.198.0"
  resolved "https://registry.yarnpkg.com/@aws-sdk/credential-provider-imds/-/credential-provider-imds-3.198.0.tgz#5ea1121c415ea2a3929bf1b028c1fd66a5df1008"
  integrity sha512-p2xMCo3whCnXd5/dH738rAVURXhlppjRNDv0sCkDcVtr3exn4s5x5ednFM8K0zNo/hsqjqFbK3jT4W72bgHphw==
  dependencies:
    "@aws-sdk/node-config-provider" "3.198.0"
    "@aws-sdk/property-provider" "3.198.0"
    "@aws-sdk/types" "3.198.0"
    "@aws-sdk/url-parser" "3.198.0"
    tslib "^2.3.1"

"@aws-sdk/credential-provider-ini@3.199.0":
  version "3.199.0"
  resolved "https://registry.yarnpkg.com/@aws-sdk/credential-provider-ini/-/credential-provider-ini-3.199.0.tgz#3f5e4128fe4f0adb330bbd0ebe9572123e050fe6"
  integrity sha512-6m3WtK+oKGyo7iCHjORwmHN4wUp4F9j79dSedEf0EYxDbHpH9yMnEE6hYV11GdmM+/i8x8DYA45apAZo8gCIcA==
  dependencies:
    "@aws-sdk/credential-provider-env" "3.198.0"
    "@aws-sdk/credential-provider-imds" "3.198.0"
    "@aws-sdk/credential-provider-sso" "3.199.0"
    "@aws-sdk/credential-provider-web-identity" "3.198.0"
    "@aws-sdk/property-provider" "3.198.0"
    "@aws-sdk/shared-ini-file-loader" "3.198.0"
    "@aws-sdk/types" "3.198.0"
    tslib "^2.3.1"

"@aws-sdk/credential-provider-node@3.199.0":
  version "3.199.0"
  resolved "https://registry.yarnpkg.com/@aws-sdk/credential-provider-node/-/credential-provider-node-3.199.0.tgz#8ed8eac18c24f0611da6efdde2bb4e1f484631c2"
  integrity sha512-pgJhOnTHj+ZZkcN9v7R+m2VnkQi4vvyA7N6k3EDWMQ8tdo48ofwObORkzA4gPX+TPuIjpYa1lU03dpY4zuzJKQ==
  dependencies:
    "@aws-sdk/credential-provider-env" "3.198.0"
    "@aws-sdk/credential-provider-imds" "3.198.0"
    "@aws-sdk/credential-provider-ini" "3.199.0"
    "@aws-sdk/credential-provider-process" "3.198.0"
    "@aws-sdk/credential-provider-sso" "3.199.0"
    "@aws-sdk/credential-provider-web-identity" "3.198.0"
    "@aws-sdk/property-provider" "3.198.0"
    "@aws-sdk/shared-ini-file-loader" "3.198.0"
    "@aws-sdk/types" "3.198.0"
    tslib "^2.3.1"

"@aws-sdk/credential-provider-process@3.198.0":
  version "3.198.0"
  resolved "https://registry.yarnpkg.com/@aws-sdk/credential-provider-process/-/credential-provider-process-3.198.0.tgz#6b05511c7bb7fc20ecb2c7e017f5f58259ec3bce"
  integrity sha512-LWiwKDCui7ILr+6opBzLCCAho9ZOppuEthUdKZx6T7+yD2cQT0caN5PkVUBMtfTu9+DZnHD2bpIL1T2KEaqEUw==
  dependencies:
    "@aws-sdk/property-provider" "3.198.0"
    "@aws-sdk/shared-ini-file-loader" "3.198.0"
    "@aws-sdk/types" "3.198.0"
    tslib "^2.3.1"

"@aws-sdk/credential-provider-sso@3.199.0":
  version "3.199.0"
  resolved "https://registry.yarnpkg.com/@aws-sdk/credential-provider-sso/-/credential-provider-sso-3.199.0.tgz#adc076dd392765909247e38849ab0c28c9555975"
  integrity sha512-aMNZkEj/5RN6jSbfkVadjNblExJtHCJGvcnKnzIGfXLgqOFoWGzY+YIHmn/GTgCnpuMbN5hXYXV6w76HwIvWGw==
  dependencies:
    "@aws-sdk/client-sso" "3.199.0"
    "@aws-sdk/property-provider" "3.198.0"
    "@aws-sdk/shared-ini-file-loader" "3.198.0"
    "@aws-sdk/types" "3.198.0"
    tslib "^2.3.1"

"@aws-sdk/credential-provider-web-identity@3.198.0":
  version "3.198.0"
  resolved "https://registry.yarnpkg.com/@aws-sdk/credential-provider-web-identity/-/credential-provider-web-identity-3.198.0.tgz#9fa7abb93b5d83e80bfacf8c3e46b4f2a862a964"
  integrity sha512-D+fhnmqN18P/Roq5oxVq53J3mqS9Oi9IJaIKdrbdK/FibqOyKmTERaLKWkONwG35qExSECOpoEGn7ioUMQgAgQ==
  dependencies:
    "@aws-sdk/property-provider" "3.198.0"
    "@aws-sdk/types" "3.198.0"
    tslib "^2.3.1"

"@aws-sdk/eventstream-codec@3.199.0":
  version "3.199.0"
  resolved "https://registry.yarnpkg.com/@aws-sdk/eventstream-codec/-/eventstream-codec-3.199.0.tgz#b446410f19a770f7d466d10a4cab4d3bb76d00f0"
  integrity sha512-ENbJ0RARIasNObBDuzs0Z1D2JqvPL/QHEezxg9TWPMc5tudhFiiw0zl8SrHpzUquV7nBzJe9KCpUj1IDyIg+aw==
  dependencies:
    "@aws-crypto/crc32" "2.0.0"
    "@aws-sdk/types" "3.198.0"
    "@aws-sdk/util-hex-encoding" "3.188.0"
    tslib "^2.3.1"

"@aws-sdk/eventstream-serde-browser@3.199.0":
  version "3.199.0"
  resolved "https://registry.yarnpkg.com/@aws-sdk/eventstream-serde-browser/-/eventstream-serde-browser-3.199.0.tgz#512fa33f29bc48d561d5ba29c824a6beeaac6f8c"
  integrity sha512-r9vo1QMyfHsFLSkxydXdG32IbpLQya57X0fYt1Xymot3YPjStdyN9MgXjB5zMK8nAEa16VtZgld6Gkod607mzQ==
  dependencies:
    "@aws-sdk/eventstream-serde-universal" "3.199.0"
    "@aws-sdk/types" "3.198.0"
    tslib "^2.3.1"

"@aws-sdk/eventstream-serde-config-resolver@3.198.0":
  version "3.198.0"
  resolved "https://registry.yarnpkg.com/@aws-sdk/eventstream-serde-config-resolver/-/eventstream-serde-config-resolver-3.198.0.tgz#03365304521178085b9808d7069ddc29f910cd5b"
  integrity sha512-eNTBi9z/9+VWZ0qdWbF+QvzjthNpx0Tm25zltg4s8fbkQ+cf3Ex0Zn848WlAr37klLwt3jS0eOJO9oTbWc5Sng==
  dependencies:
    "@aws-sdk/types" "3.198.0"
    tslib "^2.3.1"

"@aws-sdk/eventstream-serde-node@3.199.0":
  version "3.199.0"
  resolved "https://registry.yarnpkg.com/@aws-sdk/eventstream-serde-node/-/eventstream-serde-node-3.199.0.tgz#1bbf20004bb81dd6b90694c33d1738b5af32492c"
  integrity sha512-DgNGx8cVoeHjLTbKYoSvUR9qnWqXZtFou0pHYAn1+zU5Mia25He2mEvinxr+7BQ+JPtmjFPGLu/MadbgNSXHCg==
  dependencies:
    "@aws-sdk/eventstream-serde-universal" "3.199.0"
    "@aws-sdk/types" "3.198.0"
    tslib "^2.3.1"

"@aws-sdk/eventstream-serde-universal@3.199.0":
  version "3.199.0"
  resolved "https://registry.yarnpkg.com/@aws-sdk/eventstream-serde-universal/-/eventstream-serde-universal-3.199.0.tgz#ff6af0913728b411594acb50f538fb930777d821"
  integrity sha512-A9XwynfT8N52lSZMcDfV/U45RBtwl1402W6LyMg0sQVmw1rgsVEUgsJwEonfKZFMKgQKOd7o2dXqElF+1XMWPg==
  dependencies:
    "@aws-sdk/eventstream-codec" "3.199.0"
    "@aws-sdk/types" "3.198.0"
    tslib "^2.3.1"

"@aws-sdk/fetch-http-handler@3.199.0":
  version "3.199.0"
  resolved "https://registry.yarnpkg.com/@aws-sdk/fetch-http-handler/-/fetch-http-handler-3.199.0.tgz#5344bcd6e14866a529c84b08b8dce0ea7043175b"
  integrity sha512-o1jRUMoJR/HOhqA2euYIQxzKLkbqBGwMGH3ahm5eqEJ9kCp84c2KsxT/HOEqjvAQi3f3np8VlTPbuscvDKUN4w==
  dependencies:
    "@aws-sdk/protocol-http" "3.198.0"
    "@aws-sdk/querystring-builder" "3.199.0"
    "@aws-sdk/types" "3.198.0"
    "@aws-sdk/util-base64-browser" "3.188.0"
    tslib "^2.3.1"

"@aws-sdk/hash-blob-browser@3.198.0":
  version "3.198.0"
  resolved "https://registry.yarnpkg.com/@aws-sdk/hash-blob-browser/-/hash-blob-browser-3.198.0.tgz#4df17ec42cdb0dc0c5c1387f97729b84cd2622f9"
  integrity sha512-qZW9f0xBx7YHymBMNEHzuX1ApqX2uKIFXCs5x8oDk2eFA5dYjC4NLCoayVGaeiVk8XKVhNQDNtqh4TGHBwz3Og==
  dependencies:
    "@aws-sdk/chunked-blob-reader" "3.188.0"
    "@aws-sdk/chunked-blob-reader-native" "3.188.0"
    "@aws-sdk/types" "3.198.0"
    tslib "^2.3.1"

"@aws-sdk/hash-node@3.198.0":
  version "3.198.0"
  resolved "https://registry.yarnpkg.com/@aws-sdk/hash-node/-/hash-node-3.198.0.tgz#f04e617c1546e256269413075f35709af663e953"
  integrity sha512-+UTjEEQlvT4+IIwLpN36Qb1DOQHe3zHkvIVe6SjLln+Z/UEK6NhMI0tsJNbiW38WAfwOjJ+otrRBHuD93SBRxQ==
  dependencies:
    "@aws-sdk/types" "3.198.0"
    "@aws-sdk/util-buffer-from" "3.188.0"
    tslib "^2.3.1"

"@aws-sdk/hash-stream-node@3.198.0":
  version "3.198.0"
  resolved "https://registry.yarnpkg.com/@aws-sdk/hash-stream-node/-/hash-stream-node-3.198.0.tgz#1c1034415794d40914d9d3ffa2b8c0c5434b0a02"
  integrity sha512-6iLvI8/4GnkSOLsVmqA6L4G6u+Rpg7oG4QN90NZyRSQqKWHZkLs2bgfYNWjlsl10eP5cXV1chxeYHDb1i3oGQg==
  dependencies:
    "@aws-sdk/types" "3.198.0"
    tslib "^2.3.1"

"@aws-sdk/invalid-dependency@3.198.0":
  version "3.198.0"
  resolved "https://registry.yarnpkg.com/@aws-sdk/invalid-dependency/-/invalid-dependency-3.198.0.tgz#312e13b2645298f5b5f6477054cccbed036c13e4"
  integrity sha512-lbwS+H7WYk/g9/nHoTgt7xkrZCJ/OJuBfsx41RvMxW7zPxJeHYD/PvgPvYOB9lTUBkr7SDCeMoS5PtGdAwVOfg==
  dependencies:
    "@aws-sdk/types" "3.198.0"
    tslib "^2.3.1"

"@aws-sdk/is-array-buffer@3.188.0":
  version "3.188.0"
  resolved "https://registry.yarnpkg.com/@aws-sdk/is-array-buffer/-/is-array-buffer-3.188.0.tgz#2e969b2e799490e3bbd5008554aa346c58e3a9b6"
  integrity sha512-n69N4zJZCNd87Rf4NzufPzhactUeM877Y0Tp/F3KiHqGeTnVjYUa4Lv1vLBjqtfjYb2HWT3NKlYn5yzrhaEwiQ==
  dependencies:
    tslib "^2.3.1"

"@aws-sdk/md5-js@3.199.0":
  version "3.199.0"
  resolved "https://registry.yarnpkg.com/@aws-sdk/md5-js/-/md5-js-3.199.0.tgz#4102014c11b37bc6e94d1ccf53ea67f8ea5b43c3"
  integrity sha512-TsKcKPLTGJhsxrn/CBlYgZnOyN3IqrwAjUjnHCCvuL35Hg6Z6vDFZemBbmx1IVYGGcZkrQFuhBKXQJe4GbC4FQ==
  dependencies:
    "@aws-sdk/types" "3.198.0"
    "@aws-sdk/util-utf8-browser" "3.188.0"
    "@aws-sdk/util-utf8-node" "3.199.0"
    tslib "^2.3.1"

"@aws-sdk/middleware-bucket-endpoint@3.198.0":
  version "3.198.0"
  resolved "https://registry.yarnpkg.com/@aws-sdk/middleware-bucket-endpoint/-/middleware-bucket-endpoint-3.198.0.tgz#78ff724b34a5575e56d7526bc1045da00f42e5d0"
  integrity sha512-kw++P+8gPTIdxi9/2f9sXbz2D9N/K+H5aAtRpXomv987MoyROEgfoqlVOzXHxwKgcL7jzoYr3ZVkRTg2c+duHg==
  dependencies:
    "@aws-sdk/protocol-http" "3.198.0"
    "@aws-sdk/types" "3.198.0"
    "@aws-sdk/util-arn-parser" "3.188.0"
    "@aws-sdk/util-config-provider" "3.188.0"
    tslib "^2.3.1"

"@aws-sdk/middleware-content-length@3.199.0":
  version "3.199.0"
  resolved "https://registry.yarnpkg.com/@aws-sdk/middleware-content-length/-/middleware-content-length-3.199.0.tgz#af32c528b891a592126cf87d54453b6f9bb084e4"
  integrity sha512-Q76J6xZl36tqS401TGs/NPIu8lYbNG1EtqxM88CWe/u0SH+D4LIR9AMXq9c4PH0ldIMWAGVGbRLLc0/H3rPyBg==
  dependencies:
    "@aws-sdk/protocol-http" "3.198.0"
    "@aws-sdk/types" "3.198.0"
    tslib "^2.3.1"

"@aws-sdk/middleware-endpoint@3.198.0":
  version "3.198.0"
  resolved "https://registry.yarnpkg.com/@aws-sdk/middleware-endpoint/-/middleware-endpoint-3.198.0.tgz#3327c24919b539d66ad64f52d8e313b3ff48511f"
  integrity sha512-J/rQkIXUbFJAlD6LSDVGU4bGbwD/2pvF5N39ePzvaJ8SwV9Y78XER/2fIAERhFNppuYinGdBdMLiPsC6qPT6ZA==
  dependencies:
    "@aws-sdk/middleware-serde" "3.198.0"
    "@aws-sdk/protocol-http" "3.198.0"
    "@aws-sdk/signature-v4" "3.198.0"
    "@aws-sdk/types" "3.198.0"
    "@aws-sdk/url-parser" "3.198.0"
    "@aws-sdk/util-config-provider" "3.188.0"
    "@aws-sdk/util-middleware" "3.198.0"
    tslib "^2.3.1"

"@aws-sdk/middleware-expect-continue@3.198.0":
  version "3.198.0"
  resolved "https://registry.yarnpkg.com/@aws-sdk/middleware-expect-continue/-/middleware-expect-continue-3.198.0.tgz#0dc6f6127dc0b717c697ec69922cf94a29146b7b"
  integrity sha512-dzzfA7Drp9yARvJZF1AyOxAGB+QtPMzxq7yMNed82DTY/n3yertmoicMdMSUe8Q2qk1O9WeJUqruMVB0Blnl9w==
  dependencies:
    "@aws-sdk/protocol-http" "3.198.0"
    "@aws-sdk/types" "3.198.0"
    tslib "^2.3.1"

"@aws-sdk/middleware-flexible-checksums@3.198.0":
  version "3.198.0"
  resolved "https://registry.yarnpkg.com/@aws-sdk/middleware-flexible-checksums/-/middleware-flexible-checksums-3.198.0.tgz#5161e89cfb25c0e6d93eb85f9a54d9ac9b933e4c"
  integrity sha512-JWKtbikkDWrGlAPBBVPmVGJ0mCeFWPqV6M2zwsuILzA1eN23ExKJJrcmUmc1nsuYCBbCk2jF5UoJUpampgWp9w==
  dependencies:
    "@aws-crypto/crc32" "2.0.0"
    "@aws-crypto/crc32c" "2.0.0"
    "@aws-sdk/is-array-buffer" "3.188.0"
    "@aws-sdk/protocol-http" "3.198.0"
    "@aws-sdk/types" "3.198.0"
    tslib "^2.3.1"

"@aws-sdk/middleware-host-header@3.198.0":
  version "3.198.0"
  resolved "https://registry.yarnpkg.com/@aws-sdk/middleware-host-header/-/middleware-host-header-3.198.0.tgz#52e684b418253d7bb9696050261dbd5144e0c704"
  integrity sha512-keHstrdw0bFzEkUrkMQ9+UxaKu5b1K87cH6guqLf4JBo04CT+2kPRlDSma65XCi2U81zfTnWApk+/SPPFN3otA==
  dependencies:
    "@aws-sdk/protocol-http" "3.198.0"
    "@aws-sdk/types" "3.198.0"
    tslib "^2.3.1"

"@aws-sdk/middleware-location-constraint@3.198.0":
  version "3.198.0"
  resolved "https://registry.yarnpkg.com/@aws-sdk/middleware-location-constraint/-/middleware-location-constraint-3.198.0.tgz#c2313fc60b01fa945578eb562860920673fb2a17"
  integrity sha512-k78u+DRRWlHwv6rEuVktbXQQQQ2rJaSw5zvvSpRS7syNtmeXiQzb3c+pS3TgGuq79yz8Pz4nawWyB9vgmpqdkg==
  dependencies:
    "@aws-sdk/types" "3.198.0"
    tslib "^2.3.1"

"@aws-sdk/middleware-logger@3.198.0":
  version "3.198.0"
  resolved "https://registry.yarnpkg.com/@aws-sdk/middleware-logger/-/middleware-logger-3.198.0.tgz#cdb9967b05cbe70f8ecdd22d80a8db3aaf4fbc4e"
  integrity sha512-IFvNO4MI80FyltPzrEpYHMG47EYXawcD5zTzcbimpeLTpyrLY/zkSJqh5cVFu+NcDWsuD6U1geuvfN+i+2Bg1Q==
  dependencies:
    "@aws-sdk/types" "3.198.0"
    tslib "^2.3.1"

"@aws-sdk/middleware-recursion-detection@3.198.0":
  version "3.198.0"
  resolved "https://registry.yarnpkg.com/@aws-sdk/middleware-recursion-detection/-/middleware-recursion-detection-3.198.0.tgz#d3518dc20b5eaf3cdcae27d9d30973b6dab56a20"
  integrity sha512-VHyz5xBJOaLZwdL94XWB04XCA+pwbURy+4ESF66vIY1umWgfanbZPkvw1XlRaQJydOmyIDFqhNG2AzB28WN9iw==
  dependencies:
    "@aws-sdk/protocol-http" "3.198.0"
    "@aws-sdk/types" "3.198.0"
    tslib "^2.3.1"

"@aws-sdk/middleware-retry@3.198.0":
  version "3.198.0"
  resolved "https://registry.yarnpkg.com/@aws-sdk/middleware-retry/-/middleware-retry-3.198.0.tgz#f3c6a2b91d54f1dabc8d266cf68589980f75bd87"
  integrity sha512-dwv5QJYTPNkmjKcQ0RtClkNumFomECzxjXvSiyjD9Ft6AWHcUeyqJfGKbmP5mFHpezWckK1qcT6cPMVrJilgjw==
  dependencies:
    "@aws-sdk/protocol-http" "3.198.0"
    "@aws-sdk/service-error-classification" "3.198.0"
    "@aws-sdk/types" "3.198.0"
    "@aws-sdk/util-middleware" "3.198.0"
    tslib "^2.3.1"
    uuid "^8.3.2"

"@aws-sdk/middleware-sdk-s3@3.198.0":
  version "3.198.0"
  resolved "https://registry.yarnpkg.com/@aws-sdk/middleware-sdk-s3/-/middleware-sdk-s3-3.198.0.tgz#5df5e6d13915c3415a6ef7d087b6a1c6fdcf005e"
  integrity sha512-q8YX7RtReXJHDyQX7QoLGGu2v7z9XXPxW6Ztr1xyEjqm2XBOG/3iRnmtFsW2ATKZ3i3YFM3N/uvluxIFm4PyLQ==
  dependencies:
    "@aws-sdk/middleware-bucket-endpoint" "3.198.0"
    "@aws-sdk/protocol-http" "3.198.0"
    "@aws-sdk/types" "3.198.0"
    "@aws-sdk/util-arn-parser" "3.188.0"
    tslib "^2.3.1"

"@aws-sdk/middleware-sdk-sts@3.199.0":
  version "3.199.0"
  resolved "https://registry.yarnpkg.com/@aws-sdk/middleware-sdk-sts/-/middleware-sdk-sts-3.199.0.tgz#54c45d70e3093c8bdfae0d4caf7d1c7c1de58494"
  integrity sha512-ISM3Lx1AM2IiHpcQPdwHHvnW/dRyC/jGy2fHQvmYxj8x2oIYnEXxk4vA7DFnrYupxwi2yTSp3k8On2+1VgMjiw==
  dependencies:
    "@aws-sdk/middleware-signing" "3.198.0"
    "@aws-sdk/property-provider" "3.198.0"
    "@aws-sdk/protocol-http" "3.198.0"
    "@aws-sdk/signature-v4" "3.198.0"
    "@aws-sdk/types" "3.198.0"
    tslib "^2.3.1"

"@aws-sdk/middleware-serde@3.198.0":
  version "3.198.0"
  resolved "https://registry.yarnpkg.com/@aws-sdk/middleware-serde/-/middleware-serde-3.198.0.tgz#64ea41d13ff132512b90670851c5241cd76ee067"
  integrity sha512-RlAua2691KCFabp3kjnsd5p+1nQbULTK1Ia/jvlTAyG4tGOeA0x1At6KZoI1LfkN+VjstV5/3b9aOCtcFuxkhA==
  dependencies:
    "@aws-sdk/types" "3.198.0"
    tslib "^2.3.1"

"@aws-sdk/middleware-signing@3.198.0":
  version "3.198.0"
  resolved "https://registry.yarnpkg.com/@aws-sdk/middleware-signing/-/middleware-signing-3.198.0.tgz#32249b0c7c4ee58e5fc76d6d293ad942ff4f1dc9"
  integrity sha512-HPY9d1c1CUiV6JBVxiiQQgYfmELl1cn6h0TI00EmOAM5/wxUoiYBX2cGWf2NRF9/iBTppZjxwAKMYPIqF5Tkvw==
  dependencies:
    "@aws-sdk/property-provider" "3.198.0"
    "@aws-sdk/protocol-http" "3.198.0"
    "@aws-sdk/signature-v4" "3.198.0"
    "@aws-sdk/types" "3.198.0"
    "@aws-sdk/util-middleware" "3.198.0"
    tslib "^2.3.1"

"@aws-sdk/middleware-ssec@3.198.0":
  version "3.198.0"
  resolved "https://registry.yarnpkg.com/@aws-sdk/middleware-ssec/-/middleware-ssec-3.198.0.tgz#19ae55fd7a14c48ab8060305304b9ac18be28d66"
  integrity sha512-lCHl4gkc8iqOCEnU81xHq+QNUh92BEdHqYCMMJw4Gz6AxlmdqykaGvSDst60fzF4/x280MJVdYGODULublEZFg==
  dependencies:
    "@aws-sdk/types" "3.198.0"
    tslib "^2.3.1"

"@aws-sdk/middleware-stack@3.198.0":
  version "3.198.0"
  resolved "https://registry.yarnpkg.com/@aws-sdk/middleware-stack/-/middleware-stack-3.198.0.tgz#6f23319a15fb3a6b4463d13fc8304a55ed32d2f3"
  integrity sha512-5mHRjiJFHxziXOiChW3kttQHjgqH5qW9xRIDJepyf+NRJ60L8bZj0t8oGecqVqo27S02+UvrFgOzoRvBbATVFw==
  dependencies:
    tslib "^2.3.1"

"@aws-sdk/middleware-user-agent@3.198.0":
  version "3.198.0"
  resolved "https://registry.yarnpkg.com/@aws-sdk/middleware-user-agent/-/middleware-user-agent-3.198.0.tgz#419984e0f7fd9e96e0152df2eaea9a085b929df0"
  integrity sha512-SMteVixqoSazxUN1ROMj+nSf/zgTMRVPaTCKU0iEAtrE7ilp9Xv6FEC7ffm1MM9xIoAZ2eY1eAtY3uN0yxBm4A==
  dependencies:
    "@aws-sdk/protocol-http" "3.198.0"
    "@aws-sdk/types" "3.198.0"
    tslib "^2.3.1"

"@aws-sdk/node-config-provider@3.198.0":
  version "3.198.0"
  resolved "https://registry.yarnpkg.com/@aws-sdk/node-config-provider/-/node-config-provider-3.198.0.tgz#4d555b4f52b2073a459bf44dae6a0c7c81d629b6"
  integrity sha512-W+msdp94ZjR8mJMtGPHjWHsIdsOu3HaVX4x+AQq9cj7+pg/D5CvWw7fnbkUQeG+V8Ia/aqzBNxlUpr/FAeQY/g==
  dependencies:
    "@aws-sdk/property-provider" "3.198.0"
    "@aws-sdk/shared-ini-file-loader" "3.198.0"
    "@aws-sdk/types" "3.198.0"
    tslib "^2.3.1"

"@aws-sdk/node-http-handler@3.199.0":
  version "3.199.0"
  resolved "https://registry.yarnpkg.com/@aws-sdk/node-http-handler/-/node-http-handler-3.199.0.tgz#5bfd5456d2cd06293a4000ca0e47f89a72d32e84"
  integrity sha512-F+6T7MHHm0b3+GVRxEnFCuIyqUQb0b8a3Hne3QFV4cxtnX58O/SSF8KlpuGZwobivdRC/AKDaTdI/eA0PQfegA==
  dependencies:
    "@aws-sdk/abort-controller" "3.198.0"
    "@aws-sdk/protocol-http" "3.198.0"
    "@aws-sdk/querystring-builder" "3.199.0"
    "@aws-sdk/types" "3.198.0"
    tslib "^2.3.1"

"@aws-sdk/property-provider@3.198.0":
  version "3.198.0"
  resolved "https://registry.yarnpkg.com/@aws-sdk/property-provider/-/property-provider-3.198.0.tgz#53107614aeadf2e8b703de836df42ca474fc0e12"
  integrity sha512-jnQeJgZlk+6YJS2/eFz6pm9+XHzvCB0jTxHBwt2zYwZfcJ98viRQWMYfkY1XsemuQb/uIoHRBRhFXaJSLpXVDQ==
  dependencies:
    "@aws-sdk/types" "3.198.0"
    tslib "^2.3.1"

"@aws-sdk/protocol-http@3.198.0":
  version "3.198.0"
  resolved "https://registry.yarnpkg.com/@aws-sdk/protocol-http/-/protocol-http-3.198.0.tgz#4de253f4bbcecf54d6f693d324244d0fb6d31f3f"
  integrity sha512-x+Qc+kwYqaZvLJ/820rxoFUIgSnSS/XlUHwmS+CTn7nJ68CeL3dzmae6TVOslpVBLCvoS2CbEpEoBbofOpsbGw==
  dependencies:
    "@aws-sdk/types" "3.198.0"
    tslib "^2.3.1"

"@aws-sdk/querystring-builder@3.199.0":
  version "3.199.0"
  resolved "https://registry.yarnpkg.com/@aws-sdk/querystring-builder/-/querystring-builder-3.199.0.tgz#6b43704a5bba0ea78f91dae2f77812b4d406d675"
  integrity sha512-P4MWPzCqtH3sgI9iXXVdYirYVgggtg4uq5MVefnfHW+osZu8ZR+UKJw5ojAFfOCqcnKOU/xJjz185RroOjrzYQ==
  dependencies:
    "@aws-sdk/types" "3.198.0"
    "@aws-sdk/util-uri-escape" "3.188.0"
    tslib "^2.3.1"

"@aws-sdk/querystring-parser@3.198.0":
  version "3.198.0"
  resolved "https://registry.yarnpkg.com/@aws-sdk/querystring-parser/-/querystring-parser-3.198.0.tgz#1c7d15ad0a74c86513fc80322f2e9cd7d9c5bfcf"
  integrity sha512-oMybZYINxNiwSELR7tOwqu+1S7CeEC3g5L4IQXk2wvVx96HEf3sQgLr1wbmV1b7lEnTuH9OrgI5RgDUBVqipdw==
  dependencies:
    "@aws-sdk/types" "3.198.0"
    tslib "^2.3.1"

"@aws-sdk/service-error-classification@3.198.0":
  version "3.198.0"
  resolved "https://registry.yarnpkg.com/@aws-sdk/service-error-classification/-/service-error-classification-3.198.0.tgz#108a5186a0c8d64452427dbf2391bd0f9f534b88"
  integrity sha512-bVsWOIYuDtSmwJtPF1pU84x2TL20Pj02C0+/6ua4qLvRatVKFbj1wxWiU/nKvgjiGFX8VWuQUKMzXUYQfYn4nw==

"@aws-sdk/shared-ini-file-loader@3.198.0":
  version "3.198.0"
  resolved "https://registry.yarnpkg.com/@aws-sdk/shared-ini-file-loader/-/shared-ini-file-loader-3.198.0.tgz#55eb08391c3707e812b1ac6f65dae397bae97318"
  integrity sha512-n3Ykuvtb6f+WQuhcMVumY9VxQwPp8+cMSc5s6YHptkvZkz/cd2wmPhO914gKE/i2MoC/zQsFCXT8Z1YnS7k8sA==
  dependencies:
    "@aws-sdk/types" "3.198.0"
    tslib "^2.3.1"

"@aws-sdk/signature-v4-multi-region@3.198.0":
  version "3.198.0"
  resolved "https://registry.yarnpkg.com/@aws-sdk/signature-v4-multi-region/-/signature-v4-multi-region-3.198.0.tgz#e40bcd5e907b5e11fb400f1e0bccef0d134aaa10"
  integrity sha512-e5ZTuESxib5zK6QNkPIHpzTc8zf/TpO8OA7zQRRrAx+caVbftOimBery6fMPps6al9pWmqNQS6mP2pSLkLc5Dw==
  dependencies:
    "@aws-sdk/protocol-http" "3.198.0"
    "@aws-sdk/signature-v4" "3.198.0"
    "@aws-sdk/types" "3.198.0"
    "@aws-sdk/util-arn-parser" "3.188.0"
    tslib "^2.3.1"

"@aws-sdk/signature-v4@3.198.0":
  version "3.198.0"
  resolved "https://registry.yarnpkg.com/@aws-sdk/signature-v4/-/signature-v4-3.198.0.tgz#73dae5de7328d0e334f57627e9d84cb5a978c9ab"
  integrity sha512-8EIyEt7ElTK/tQamYyB16IGwc7EwtLlSVcksaiII780ZtYULnOjogi/UImCYqSejQw+EHhXfbj14HRQT56rqEQ==
  dependencies:
    "@aws-sdk/is-array-buffer" "3.188.0"
    "@aws-sdk/types" "3.198.0"
    "@aws-sdk/util-hex-encoding" "3.188.0"
    "@aws-sdk/util-middleware" "3.198.0"
    "@aws-sdk/util-uri-escape" "3.188.0"
    tslib "^2.3.1"

"@aws-sdk/smithy-client@3.198.0":
  version "3.198.0"
  resolved "https://registry.yarnpkg.com/@aws-sdk/smithy-client/-/smithy-client-3.198.0.tgz#74a08c43a9cf65b0499d7a48addfac7e1a87f18a"
  integrity sha512-IKUzJSoIkxYkYpRdlrh6REtDcW5c87FKeqtMC8VTpaTxrXwnJOqbenp7IwArwOnbXp4aIVmzdxT/nvQrftlgWg==
  dependencies:
    "@aws-sdk/middleware-stack" "3.198.0"
    "@aws-sdk/types" "3.198.0"
    tslib "^2.3.1"

"@aws-sdk/types@3.198.0", "@aws-sdk/types@^3.1.0":
  version "3.198.0"
  resolved "https://registry.yarnpkg.com/@aws-sdk/types/-/types-3.198.0.tgz#4e4f5df1bf362dfe64e7bdaf37ba614c61618356"
  integrity sha512-ljgY9Pgb2CSRrf4IeaNy5gkhTsBae9STKc/mqfScSzvZOvRHu+BOIAGM33fDoCwxD1viKNVJvU1KemiI57Gbvw==

"@aws-sdk/url-parser@3.198.0":
  version "3.198.0"
  resolved "https://registry.yarnpkg.com/@aws-sdk/url-parser/-/url-parser-3.198.0.tgz#6694cf6a96b801d34ef60f3ef05ef449a1b9ff4d"
  integrity sha512-wm3+OTDWKsMEOlLGvJ+jxCcOXMjgd5qBDVbu2bTiyTahc2poNlM7kKhSwL4I8PkmGZVAqfAlHD4Wj38WecHQPw==
  dependencies:
    "@aws-sdk/querystring-parser" "3.198.0"
    "@aws-sdk/types" "3.198.0"
    tslib "^2.3.1"

"@aws-sdk/util-arn-parser@3.188.0":
  version "3.188.0"
  resolved "https://registry.yarnpkg.com/@aws-sdk/util-arn-parser/-/util-arn-parser-3.188.0.tgz#4df0144c00dce3490666da7d55e6e13c9a3f21b2"
  integrity sha512-q4nZzt/g3sRY9a3sj1PaNFwql5bXfKSW4fRy0zLdbZHcYdgq2oQfVsJTIlL9lUNjifkXiIsmk61Q16JExtrLyw==
  dependencies:
    tslib "^2.3.1"

"@aws-sdk/util-base64-browser@3.188.0":
  version "3.188.0"
  resolved "https://registry.yarnpkg.com/@aws-sdk/util-base64-browser/-/util-base64-browser-3.188.0.tgz#581c85dc157aff88ca81e42d9c79d87c95db8d03"
  integrity sha512-qlH+5NZBLiyKziL335BEPedYxX6j+p7KFRWXvDQox9S+s+gLCayednpK+fteOhBenCcR9fUZOVuAPScy1I8qCg==
  dependencies:
    tslib "^2.3.1"

"@aws-sdk/util-base64-node@3.188.0":
  version "3.188.0"
  resolved "https://registry.yarnpkg.com/@aws-sdk/util-base64-node/-/util-base64-node-3.188.0.tgz#1d2413f68c8ad1cca0903fc11d92af88ba70e14d"
  integrity sha512-r1dccRsRjKq+OhVRUfqFiW3sGgZBjHbMeHLbrAs9jrOjU2PTQ8PSzAXLvX/9lmp7YjmX17Qvlsg0NCr1tbB9OA==
  dependencies:
    "@aws-sdk/util-buffer-from" "3.188.0"
    tslib "^2.3.1"

"@aws-sdk/util-body-length-browser@3.188.0":
  version "3.188.0"
  resolved "https://registry.yarnpkg.com/@aws-sdk/util-body-length-browser/-/util-body-length-browser-3.188.0.tgz#e1d949318c10a621b38575a9ef01e39f9857ddb0"
  integrity sha512-8VpnwFWXhnZ/iRSl9mTf+VKOX9wDE8QtN4bj9pBfxwf90H1X7E8T6NkiZD3k+HubYf2J94e7DbeHs7fuCPW5Qg==
  dependencies:
    tslib "^2.3.1"

"@aws-sdk/util-body-length-node@3.188.0":
  version "3.188.0"
  resolved "https://registry.yarnpkg.com/@aws-sdk/util-body-length-node/-/util-body-length-node-3.188.0.tgz#3fc2a820b9be0efcbdf962d8f980b9000b98ddba"
  integrity sha512-XwqP3vxk60MKp4YDdvDeCD6BPOiG2e+/Ou4AofZOy5/toB6NKz2pFNibQIUg2+jc7mPMnGnvOW3MQEgSJ+gu/Q==
  dependencies:
    tslib "^2.3.1"

"@aws-sdk/util-buffer-from@3.188.0":
  version "3.188.0"
  resolved "https://registry.yarnpkg.com/@aws-sdk/util-buffer-from/-/util-buffer-from-3.188.0.tgz#a062ccd990571df4353990e8b78aebec5a14547d"
  integrity sha512-NX1WXZ8TH20IZb4jPFT2CnLKSqZWddGxtfiWxD9M47YOtq/SSQeR82fhqqVjJn4P8w2F5E28f+Du4ntg/sGcxA==
  dependencies:
    "@aws-sdk/is-array-buffer" "3.188.0"
    tslib "^2.3.1"

"@aws-sdk/util-config-provider@3.188.0":
  version "3.188.0"
  resolved "https://registry.yarnpkg.com/@aws-sdk/util-config-provider/-/util-config-provider-3.188.0.tgz#f7a365e6cbfe728c1224f0b39926636619b669e0"
  integrity sha512-LBA7tLbi7v4uvbOJhSnjJrxbcRifKK/1ZVK94JTV2MNSCCyNkFotyEI5UWDl10YKriTIUyf7o5cakpiDZ3O4xg==
  dependencies:
    tslib "^2.3.1"

"@aws-sdk/util-defaults-mode-browser@3.198.0":
  version "3.198.0"
  resolved "https://registry.yarnpkg.com/@aws-sdk/util-defaults-mode-browser/-/util-defaults-mode-browser-3.198.0.tgz#4dc4bb9fbbf12b984e4547e81a05f8fcdb03f9a2"
  integrity sha512-IG4iVKQdFjdVFMH5KbSUY2l48wL9aCX/qzoCyTPjKkVumvmwnfkt5OCslkNcaqRdvp5o7QL7aHbq0EZ3K7Ya0A==
  dependencies:
    "@aws-sdk/property-provider" "3.198.0"
    "@aws-sdk/types" "3.198.0"
    bowser "^2.11.0"
    tslib "^2.3.1"

"@aws-sdk/util-defaults-mode-node@3.198.0":
  version "3.198.0"
  resolved "https://registry.yarnpkg.com/@aws-sdk/util-defaults-mode-node/-/util-defaults-mode-node-3.198.0.tgz#22ca9e151e778f32cb62f09b7e7f55d97ad0d09f"
  integrity sha512-LBKSKJjEs0D8tjalblDNmq9DWYTDQ1wVUksAIBO2gQU+EZHJwPb9qxyAk32gbnVTOYceZpJ5/vAGT7speDzEyw==
  dependencies:
    "@aws-sdk/config-resolver" "3.198.0"
    "@aws-sdk/credential-provider-imds" "3.198.0"
    "@aws-sdk/node-config-provider" "3.198.0"
    "@aws-sdk/property-provider" "3.198.0"
    "@aws-sdk/types" "3.198.0"
    tslib "^2.3.1"

"@aws-sdk/util-endpoints@3.198.0":
  version "3.198.0"
  resolved "https://registry.yarnpkg.com/@aws-sdk/util-endpoints/-/util-endpoints-3.198.0.tgz#45e51d3ed56f1a3a4c54d57f3a4eed2f516bb978"
  integrity sha512-fpeJNVoe/QsIcGybgJ+D2jZcUFi7d37FlMiZd9eVnS5LyMGDNH8tVS7aPT7dgb0z30/FKMBIKKG6QxDGxFaqjQ==
  dependencies:
    "@aws-sdk/types" "3.198.0"
    tslib "^2.3.1"

"@aws-sdk/util-hex-encoding@3.188.0":
  version "3.188.0"
  resolved "https://registry.yarnpkg.com/@aws-sdk/util-hex-encoding/-/util-hex-encoding-3.188.0.tgz#c2d8b02b952db58acbd5f53718109657c69c460f"
  integrity sha512-QyWovTtjQ2RYxqVM+STPh65owSqzuXURnfoof778spyX4iQ4z46wOge1YV2ZtwS8w5LWd9eeVvDrLu5POPYOnA==
  dependencies:
    tslib "^2.3.1"

"@aws-sdk/util-locate-window@^3.0.0":
  version "3.55.0"
  resolved "https://registry.yarnpkg.com/@aws-sdk/util-locate-window/-/util-locate-window-3.55.0.tgz#a4136a20ee1bfcb73967a6614caf769ef79db070"
  integrity sha512-0sPmK2JaJE2BbTcnvybzob/VrFKCXKfN4CUKcvn0yGg/me7Bz+vtzQRB3Xp+YSx+7OtWxzv63wsvHoAnXvgxgg==
  dependencies:
    tslib "^2.3.1"

"@aws-sdk/util-middleware@3.198.0":
  version "3.198.0"
  resolved "https://registry.yarnpkg.com/@aws-sdk/util-middleware/-/util-middleware-3.198.0.tgz#95edefd4b9c8427f671379cf8527de0c31990f5a"
  integrity sha512-hEdkuGRWhZdEb1plzkGCN2kT8SqiPrEQHngB+1q7pjFJcKWkYkmaLHGw2zhbg1EVNpcGmj5DzCSWzwoPkpDRsw==
  dependencies:
    tslib "^2.3.1"

"@aws-sdk/util-stream-browser@3.199.0":
  version "3.199.0"
  resolved "https://registry.yarnpkg.com/@aws-sdk/util-stream-browser/-/util-stream-browser-3.199.0.tgz#408b0aab6bc487679f26985720cf06d2cd5b3969"
  integrity sha512-dzwPKCw3p+mqbgUAfc81rxq0GBWIW+iVq8skXgYdP+GY0ShHAqykZsvRY9fdcaR4SLgckoAmI51sUgBEYHIgOw==
  dependencies:
    "@aws-sdk/fetch-http-handler" "3.199.0"
    "@aws-sdk/types" "3.198.0"
    "@aws-sdk/util-base64-browser" "3.188.0"
    "@aws-sdk/util-hex-encoding" "3.188.0"
    "@aws-sdk/util-utf8-browser" "3.188.0"
    tslib "^2.3.1"

"@aws-sdk/util-stream-node@3.199.0":
  version "3.199.0"
  resolved "https://registry.yarnpkg.com/@aws-sdk/util-stream-node/-/util-stream-node-3.199.0.tgz#d938ad6496b72cef5cd6bb0398598b120b84cacb"
  integrity sha512-yHvoeYKADlxZlGyZdyK1x9qyM/dsLDzbCUUnrpJkCjd+PQBHcB57DX7K64UwVmssTN2rgdIxMC9hTR1azxCU6w==
  dependencies:
    "@aws-sdk/node-http-handler" "3.199.0"
    "@aws-sdk/types" "3.198.0"
    "@aws-sdk/util-buffer-from" "3.188.0"
    tslib "^2.3.1"

"@aws-sdk/util-uri-escape@3.188.0":
  version "3.188.0"
  resolved "https://registry.yarnpkg.com/@aws-sdk/util-uri-escape/-/util-uri-escape-3.188.0.tgz#6dbd4322f6cdc3252a75c6f729e1082369c468c0"
  integrity sha512-4Y6AYZMT483Tiuq8dxz5WHIiPNdSFPGrl6tRTo2Oi2FcwypwmFhqgEGcqxeXDUJktvaCBxeA08DLr/AemVhPCg==
  dependencies:
    tslib "^2.3.1"

"@aws-sdk/util-user-agent-browser@3.198.0":
  version "3.198.0"
  resolved "https://registry.yarnpkg.com/@aws-sdk/util-user-agent-browser/-/util-user-agent-browser-3.198.0.tgz#ecbd157ad62a314f5a8dfea997931dc65a0b620f"
  integrity sha512-XIwaaKtrEsxsayk1yUNjx15AZenP6YRaRDa3f6dhGO+D6OOXP+0S38O5lakyDDGW7nkwkmXa2NIv/OPHPYJ+jQ==
  dependencies:
    "@aws-sdk/types" "3.198.0"
    bowser "^2.11.0"
    tslib "^2.3.1"

"@aws-sdk/util-user-agent-node@3.198.0":
  version "3.198.0"
  resolved "https://registry.yarnpkg.com/@aws-sdk/util-user-agent-node/-/util-user-agent-node-3.198.0.tgz#488de6a2d3c67c6d7589e9fbe806732c23b690c1"
  integrity sha512-21bi3pNO7jvo3l9LtMJyR48ERN69PuBqMnwnjsDVqyIFBbnZr/JR5rWQx7jdZ0iUt6mRlgZ17xHXlGUGMCxznA==
  dependencies:
    "@aws-sdk/node-config-provider" "3.198.0"
    "@aws-sdk/types" "3.198.0"
    tslib "^2.3.1"

"@aws-sdk/util-utf8-browser@3.188.0", "@aws-sdk/util-utf8-browser@^3.0.0":
  version "3.188.0"
  resolved "https://registry.yarnpkg.com/@aws-sdk/util-utf8-browser/-/util-utf8-browser-3.188.0.tgz#484762bd600401350e148277731d6744a4a92225"
  integrity sha512-jt627x0+jE+Ydr9NwkFstg3cUvgWh56qdaqAMDsqgRlKD21md/6G226z/Qxl7lb1VEW2LlmCx43ai/37Qwcj2Q==
  dependencies:
    tslib "^2.3.1"

"@aws-sdk/util-utf8-node@3.199.0":
  version "3.199.0"
  resolved "https://registry.yarnpkg.com/@aws-sdk/util-utf8-node/-/util-utf8-node-3.199.0.tgz#38f59c280097c6a7f1cc3d78a935641c036dee28"
  integrity sha512-Kk3qCdGbe5k0PUE8EBgMsRxNstvDCoWStYWjNwsHWuc/hJitSf44PColzXw6xxHqH1sY+6LcgIaMwJZ5C4bB6w==
  dependencies:
    "@aws-sdk/util-buffer-from" "3.188.0"
    tslib "^2.3.1"

"@aws-sdk/util-waiter@3.198.0":
  version "3.198.0"
  resolved "https://registry.yarnpkg.com/@aws-sdk/util-waiter/-/util-waiter-3.198.0.tgz#3e3d36113312b8fc8db12cd2ef5d70aec330e913"
  integrity sha512-EH2moFzGam0gyRYEc4U9Lq5qyD9CfFi02Jhji//qaCmn6vry0/ivDVgJzS2HSIb2/2XRLW7vFkKT4cWN2pkQyw==
  dependencies:
    "@aws-sdk/abort-controller" "3.198.0"
    "@aws-sdk/types" "3.198.0"
    tslib "^2.3.1"

"@aws-sdk/xml-builder@3.188.0":
  version "3.188.0"
  resolved "https://registry.yarnpkg.com/@aws-sdk/xml-builder/-/xml-builder-3.188.0.tgz#d3f72f5e490be577670b6532343f5682e38ac000"
  integrity sha512-/Hah3gAtrBpEaDInX3eSS0nXw/IUeb+rWiGspXxb5O8bh5kyjQqeu8/sVJQlpOtq4aPDbMDmloH4k696qTqgbw==
  dependencies:
    tslib "^2.3.1"

"@types/cron@^2.0.0":
  version "2.0.0"
  resolved "https://registry.yarnpkg.com/@types/cron/-/cron-2.0.0.tgz#4fe75f2720a3b69a1f7b80e656749f4c2c96d727"
  integrity sha512-xZM08fqvwIXgghtPVkSPKNgC+JoMQ2OHazEvyTKnNf7aWu1aB6/4lBbQFrb03Td2cUGG7ITzMv3mFYnMu6xRaQ==
  dependencies:
    "@types/luxon" "*"
    "@types/node" "*"

"@types/luxon@*":
  version "3.0.1"
  resolved "https://registry.yarnpkg.com/@types/luxon/-/luxon-3.0.1.tgz#2b1657096473e24b049bdedf3710f99645f3a17f"
  integrity sha512-/LAvk1cMOJt0ghzMFrZEvByUhsiEfeeT2IF53Le+Ki3A538yEL9pRZ7a6MuCxdrYK+YNqNIDmrKU/r2nnw04zQ==

"@types/node@*":
  version "18.7.14"
  resolved "https://registry.yarnpkg.com/@types/node/-/node-18.7.14.tgz#0fe081752a3333392d00586d815485a17c2cf3c9"
  integrity sha512-6bbDaETVi8oyIARulOE9qF1/Qdi/23z6emrUh0fNJRUmjznqrixD4MpGDdgOFk5Xb0m2H6Xu42JGdvAxaJR/wA==

"@types/node@^16.9.1":
  version "16.11.56"
  resolved "https://registry.yarnpkg.com/@types/node/-/node-16.11.56.tgz#dcbb617669481e158e0f1c6204d1c768cd675901"
  integrity sha512-aFcUkv7EddxxOa/9f74DINReQ/celqH8DiB3fRYgVDM2Xm5QJL8sl80QKuAnGvwAsMn+H3IFA6WCrQh1CY7m1A==

bowser@^2.11.0:
  version "2.11.0"
  resolved "https://registry.yarnpkg.com/bowser/-/bowser-2.11.0.tgz#5ca3c35757a7aa5771500c70a73a9f91ef420a8f"
  integrity sha512-AlcaJBi/pqqJBIQ8U9Mcpc9i8Aqxn88Skv5d+xBX006BY5u8N3mGLHa5Lgppa7L/HfwgwLgZ6NYs+Ag6uUmJRA==

cron@^2.1.0:
  version "2.1.0"
  resolved "https://registry.yarnpkg.com/cron/-/cron-2.1.0.tgz#f69fe77f1164d0bccbc24300938bbb3bea6ed95e"
  integrity sha512-Hq7u3P8y7UWYvsZbSKHHJDVG0VO9O7tp2qljxzTScelcTODBfCme8AIhnZsFwmQ9NchZ3hr2uNr+s3DSms7q6w==
  dependencies:
    luxon "^1.23.x"

envsafe@^2.0.3:
  version "2.0.3"
  resolved "https://registry.yarnpkg.com/envsafe/-/envsafe-2.0.3.tgz#cb88a9f750a67455638ebfc16f4cd5296bb5e1a0"
  integrity sha512-51lek8h5btjXhXUDW//Pno7HPydM1WQzltOb1/ONRKdwB2QkfAURnN4Qn0cJ5LzGvX2Km1ReR2O3K3Bqq9sBMg==

fast-xml-parser@4.0.11:
  version "4.0.11"
  resolved "https://registry.yarnpkg.com/fast-xml-parser/-/fast-xml-parser-4.0.11.tgz#42332a9aca544520631c8919e6ea871c0185a985"
  integrity sha512-4aUg3aNRR/WjQAcpceODG1C3x3lFANXRo8+1biqfieHmg9pyMt7qB4lQV/Ta6sJCTbA5vfD8fnA8S54JATiFUA==
  dependencies:
    strnum "^1.0.5"

luxon@^1.23.x:
  version "1.28.0"
  resolved "https://registry.yarnpkg.com/luxon/-/luxon-1.28.0.tgz#e7f96daad3938c06a62de0fb027115d251251fbf"
  integrity sha512-TfTiyvZhwBYM/7QdAVDh+7dBTBA29v4ik0Ce9zda3Mnf8on1S5KJI8P2jKFZ8+5C0jhmr0KwJEO/Wdpm0VeWJQ==

strnum@^1.0.5:
  version "1.0.5"
  resolved "https://registry.yarnpkg.com/strnum/-/strnum-1.0.5.tgz#5c4e829fe15ad4ff0d20c3db5ac97b73c9b072db"
  integrity sha512-J8bbNyKKXl5qYcR36TIO8W3mVGVHrmmxsd5PAItGkmyzwJvybiw2IVq5nqd0i4LSNSkB/sx9VHllbfFdr9k1JA==

tslib@^1.11.1:
  version "1.14.1"
  resolved "https://registry.yarnpkg.com/tslib/-/tslib-1.14.1.tgz#cf2d38bdc34a134bcaf1091c41f6619e2f672d00"
  integrity sha512-Xni35NKzjgMrwevysHTCArtLDpPvye8zV/0E4EyYn43P7/7qvQwPh9BGkHewbMulVntbigmcT7rdX3BNo9wRJg==

tslib@^2.3.1:
  version "2.4.0"
  resolved "https://registry.yarnpkg.com/tslib/-/tslib-2.4.0.tgz#7cecaa7f073ce680a05847aa77be941098f36dc3"
  integrity sha512-d6xOpEDfsi2CZVlPQzGeux8XMwLT9hssAsaPYExaQMuYskwb+x1x7J371tWlbBdWHroy99KnVB6qIkUbs5X3UQ==

typescript@^4.8.4:
  version "4.8.4"
  resolved "https://registry.yarnpkg.com/typescript/-/typescript-4.8.4.tgz#c464abca159669597be5f96b8943500b238e60e6"
  integrity sha512-QCh+85mCy+h0IGff8r5XWzOVSbBO+KfeYrMQh7NJ58QujwcE22u+NUSmUxqF+un70P9GXKxa2HCNiTTMJknyjQ==

uuid@^8.3.2:
  version "8.3.2"
  resolved "https://registry.yarnpkg.com/uuid/-/uuid-8.3.2.tgz#80d5b5ced271bb9af6c445f21a1a04c606cefbe2"
  integrity sha512-+NYs2QeMWy+GWFOEm9xnn6HCDp0l7QBD7ml8zLUmJ+93Q5NF0NocErnwkTkXVFNiX3/fpC6afS8Dhb/gz7R7eg==
